
Microsoft Visual Studio Solution File, Format Version 11.00
# Visual C# Express 2010
Project("{FAE04EC0-301F-11D3-BF4B-00C04F79EFBC}") = "PackAndSignMSHC", "PackAndSignMSHC\PackAndSignMSHC.csproj", "{E70C58DA-6C83-4C0B-A163-50670589FA6B}"
EndProject
Project("{FAE04EC0-301F-11D3-BF4B-00C04F79EFBC}") = "TOCFromSitemap", "TOCFromSitemap\TOCFromSitemap.csproj", "{BA6CABE4-4C3D-4C09-8C15-1E6861CE9856}"
EndProject
Project("{FAE04EC0-301F-11D3-BF4B-00C04F79EFBC}") = "TOCTypeGrouping", "TOCTypeGrouping\TOCTypeGrouping.csproj", "{ED918ACD-5A38-41B0-92B2-ADD953A3304B}"
EndProject
Project("{FAE04EC0-301F-11D3-BF4B-00C04F79EFBC}") = "TOCNamespacePlacement", "TOCNamespacePlacement\TOCNamespacePlacement.csproj", "{74BD21CC-CD3F-49E8-BB56-C4AA16D42D22}"
EndProject
Global
	GlobalSection(SolutionConfigurationPlatforms) = preSolution
		Debug|Any CPU = Debug|Any CPU
		Release|Any CPU = Release|Any CPU
	EndGlobalSection
	GlobalSection(ProjectConfigurationPlatforms) = postSolution
		{E70C58DA-6C83-4C0B-A163-50670589FA6B}.Debug|Any CPU.ActiveCfg = Debug|Any CPU
		{E70C58DA-6C83-4C0B-A163-50670589FA6B}.Debug|Any CPU.Build.0 = Debug|Any CPU
		{E70C58DA-6C83-4C0B-A163-50670589FA6B}.Release|Any CPU.ActiveCfg = Release|Any CPU
		{E70C58DA-6C83-4C0B-A163-50670589FA6B}.Release|Any CPU.Build.0 = Release|Any CPU
		{BA6CABE4-4C3D-4C09-8C15-1E6861CE9856}.Debug|Any CPU.ActiveCfg = Debug|Any CPU
		{BA6CABE4-4C3D-4C09-8C15-1E6861CE9856}.Debug|Any CPU.Build.0 = Debug|Any CPU
		{BA6CABE4-4C3D-4C09-8C15-1E6861CE9856}.Release|Any CPU.ActiveCfg = Release|Any CPU
		{BA6CABE4-4C3D-4C09-8C15-1E6861CE9856}.Release|Any CPU.Build.0 = Release|Any CPU
		{ED918ACD-5A38-41B0-92B2-ADD953A3304B}.Debug|Any CPU.ActiveCfg = Debug|Any CPU
		{ED918ACD-5A38-41B0-92B2-ADD953A3304B}.Debug|Any CPU.Build.0 = Debug|Any CPU
		{ED918ACD-5A38-41B0-92B2-ADD953A3304B}.Release|Any CPU.ActiveCfg = Release|Any CPU
		{ED918ACD-5A38-41B0-92B2-ADD953A3304B}.Release|Any CPU.Build.0 = Release|Any CPU
		{74BD21CC-CD3F-49E8-BB56-C4AA16D42D22}.Debug|Any CPU.ActiveCfg = Debug|Any CPU
		{74BD21CC-CD3F-49E8-BB56-C4AA16D42D22}.Debug|Any CPU.Build.0 = Debug|Any CPU
		{74BD21CC-CD3F-49E8-BB56-C4AA16D42D22}.Release|Any CPU.ActiveCfg = Release|Any CPU
		{74BD21CC-CD3F-49E8-BB56-C4AA16D42D22}.Release|Any CPU.Build.0 = Release|Any CPU
	EndGlobalSection
	GlobalSection(SolutionProperties) = preSolution
		HideSolutionNode = FALSE
	EndGlobalSection
EndGlobal
