
Microsoft Visual Studio Solution File, Format Version 10.00
# Visual Studio 2008
Project("{8BC9CEB8-8B4A-11D0-8D11-00A0C91BC942}") = "Sample1", "Sample1.vcproj", "{D3F0C990-7C09-4BC7-BB32-7F621E74DCF2}"
EndProject
Global
	GlobalSection(SolutionConfigurationPlatforms) = preSolution
		Debug|Win32 = Debug|Win32
		Release|Win32 = Release|Win32
	EndGlobalSection
	GlobalSection(ProjectConfigurationPlatforms) = postSolution
		{D3F0C990-7C09-4BC7-BB32-7F621E74DCF2}.Debug|Win32.ActiveCfg = Debug|Win32
		{D3F0C990-7C09-4BC7-BB32-7F621E74DCF2}.Debug|Win32.Build.0 = Debug|Win32
		{D3F0C990-7C09-4BC7-BB32-7F621E74DCF2}.Release|Win32.ActiveCfg = Release|Win32
		{D3F0C990-7C09-4BC7-BB32-7F621E74DCF2}.Release|Win32.Build.0 = Release|Win32
	EndGlobalSection
	GlobalSection(SolutionProperties) = preSolution
		HideSolutionNode = FALSE
	EndGlobalSection
EndGlobal
