<?xml version="1.0" encoding="utf-8"?>
<Project ToolsVersion="4.0" xmlns="http://schemas.microsoft.com/developer/msbuild/2003">
  <ItemGroup>
    <Filter Include="Source Files">
      <UniqueIdentifier>{4FC737F1-C7A5-4376-A066-2A32D752A2FF}</UniqueIdentifier>
      <Extensions>cpp;c;cc;cxx;def;odl;idl;hpj;bat;asm;asmx</Extensions>
    </Filter>
    <Filter Include="Header Files">
      <UniqueIdentifier>{93995380-89BD-4b04-88EB-625FBE52EBFB}</UniqueIdentifier>
      <Extensions>h;hpp;hxx;hm;inl;inc;xsd</Extensions>
    </Filter>
    <Filter Include="Resource Files">
      <UniqueIdentifier>{67DA6AB6-F800-4c08-8B7A-83BB121AAD01}</UniqueIdentifier>
      <Extensions>rc;ico;cur;bmp;dlg;rc2;rct;bin;rgs;gif;jpg;jpeg;jpe;resx;tiff;tif;png;wav</Extensions>
    </Filter>
    <Filter Include="Generated Files">
      <UniqueIdentifier>{f3bd86aa-17d1-4afb-98b5-e664a9b33a0a}</UniqueIdentifier>
      <SourceControlFiles>False</SourceControlFiles>
    </Filter>
  </ItemGroup>
  <ItemGroup>
    <ClCompile Include="Common\AgentAnchor.cpp">
      <Filter>Source Files</Filter>
    </ClCompile>
    <ClCompile Include="Common\AgentFileCache.cpp">
      <Filter>Source Files</Filter>
    </ClCompile>
    <ClCompile Include="Core\AgentText.cpp">
      <Filter>Source Files</Filter>
    </ClCompile>
    <ClCompile Include="Common\AgentTextObject.cpp">
      <Filter>Source Files</Filter>
    </ClCompile>
    <ClCompile Include="Common\DaCmnAnimationNames.cpp">
      <Filter>Source Files</Filter>
    </ClCompile>
    <ClCompile Include="Common\DaCmnBalloon.cpp">
      <Filter>Source Files</Filter>
    </ClCompile>
    <ClCompile Include="Common\DaCmnCharacter.cpp">
      <Filter>Source Files</Filter>
    </ClCompile>
    <ClCompile Include="Common\DaCmnCharacterFiles.cpp">
      <Filter>Source Files</Filter>
    </ClCompile>
    <ClCompile Include="Common\DaCmnCommand.cpp">
      <Filter>Source Files</Filter>
    </ClCompile>
    <ClCompile Include="Common\DaCmnCommands.cpp">
      <Filter>Source Files</Filter>
    </ClCompile>
    <ClCompile Include="Common\DaCmnCommandsWindow.cpp">
      <Filter>Source Files</Filter>
    </ClCompile>
    <ClCompile Include="Common\DaCmnFormattedText.cpp">
      <Filter>Source Files</Filter>
    </ClCompile>
    <ClCompile Include="Common\DaCmnPropertySheet.cpp">
      <Filter>Source Files</Filter>
    </ClCompile>
    <ClCompile Include="Common\DaCmnSettings.cpp">
      <Filter>Source Files</Filter>
    </ClCompile>
    <ClCompile Include="Common\DaCmnSREngine.cpp">
      <Filter>Source Files</Filter>
    </ClCompile>
    <ClCompile Include="Common\DaCmnSREngines.cpp">
      <Filter>Source Files</Filter>
    </ClCompile>
    <ClCompile Include="Common\DaCmnTTSEngine.cpp">
      <Filter>Source Files</Filter>
    </ClCompile>
    <ClCompile Include="Common\DaCmnTTSEngines.cpp">
      <Filter>Source Files</Filter>
    </ClCompile>
    <ClCompile Include="Common\DaCmnUserInput.cpp">
      <Filter>Source Files</Filter>
    </ClCompile>
    <ClCompile Include="Server\DaElevatedSettings.cpp">
      <Filter>Source Files</Filter>
    </ClCompile>
    <ClCompile Include="Core\DaError.cpp">
      <Filter>Source Files</Filter>
    </ClCompile>
    <ClCompile Include="Core\DaLocalizeMui.cpp">
      <Filter>Source Files</Filter>
    </ClCompile>
    <ClCompile Include="Server\DaServer.cpp">
      <Filter>Source Files</Filter>
    </ClCompile>
    <ClCompile Include="Server\DaServerApp.cpp">
      <Filter>Source Files</Filter>
    </ClCompile>
    <ClCompile Include="Server\DaSvrAnimationNames.cpp">
      <Filter>Source Files</Filter>
    </ClCompile>
    <ClCompile Include="Server\DaSvrAudioOutput.cpp">
      <Filter>Source Files</Filter>
    </ClCompile>
    <ClCompile Include="Server\DaSvrBalloon.cpp">
      <Filter>Source Files</Filter>
    </ClCompile>
    <ClCompile Include="Server\DaSvrCharacter.cpp">
      <Filter>Source Files</Filter>
    </ClCompile>
    <ClCompile Include="Server\DaSvrCharacterFiles.cpp">
      <Filter>Source Files</Filter>
    </ClCompile>
    <ClCompile Include="Server\DaSvrCommand.cpp">
      <Filter>Source Files</Filter>
    </ClCompile>
    <ClCompile Include="Server\DaSvrCommands.cpp">
      <Filter>Source Files</Filter>
    </ClCompile>
    <ClCompile Include="Server\DaSvrCommandsWindow.cpp">
      <Filter>Source Files</Filter>
    </ClCompile>
    <ClCompile Include="Server\DaSvrEvents.cpp">
      <Filter>Source Files</Filter>
    </ClCompile>
    <ClCompile Include="Server\DaSvrFormattedText.cpp">
      <Filter>Source Files</Filter>
    </ClCompile>
    <ClCompile Include="Server\DaSvrPropertySheet.cpp">
      <Filter>Source Files</Filter>
    </ClCompile>
    <ClCompile Include="Server\DaSvrSettings.cpp">
      <Filter>Source Files</Filter>
    </ClCompile>
    <ClCompile Include="Server\DaSvrSpeechInput.cpp">
      <Filter>Source Files</Filter>
    </ClCompile>
    <ClCompile Include="Server\DaSvrSREngine.cpp">
      <Filter>Source Files</Filter>
    </ClCompile>
    <ClCompile Include="Server\DaSvrSREngines.cpp">
      <Filter>Source Files</Filter>
    </ClCompile>
    <ClCompile Include="Server\DaSvrTTSEngine.cpp">
      <Filter>Source Files</Filter>
    </ClCompile>
    <ClCompile Include="Server\DaSvrTTSEngines.cpp">
      <Filter>Source Files</Filter>
    </ClCompile>
    <ClCompile Include="Server\DaSvrUserInput.cpp">
      <Filter>Source Files</Filter>
    </ClCompile>
    <ClCompile Include="Common\EventNotify.cpp">
      <Filter>Source Files</Filter>
    </ClCompile>
    <ClCompile Include="Common\ListeningState.cpp">
      <Filter>Source Files</Filter>
    </ClCompile>
    <ClCompile Include="Common\PropSheetOptions.cpp">
      <Filter>Source Files</Filter>
    </ClCompile>
    <ClCompile Include="Server\ServerLifetime.cpp">
      <Filter>Source Files</Filter>
    </ClCompile>
    <ClCompile Include="Server\ServerNotify.cpp">
      <Filter>Source Files</Filter>
    </ClCompile>
    <ClCompile Include="Util\Atl\StdAfx.cpp">
      <Filter>Source Files</Filter>
    </ClCompile>
    <ClCompile Include="Include\DaServer_i.c">
      <Filter>Generated Files</Filter>
    </ClCompile>
    <ClCompile Include="Core\AgentTextParse.cpp">
      <Filter>Source Files</Filter>
    </ClCompile>
    <ClCompile Include="Common\DaCmnTTSPrivate.cpp">
      <Filter>Source Files</Filter>
    </ClCompile>
    <ClCompile Include="Server\DaSvrTTSPrivate.cpp">
      <Filter>Source Files</Filter>
    </ClCompile>
  </ItemGroup>
  <ItemGroup>
    <Midl Include="Common\DaCommon.odl">
      <Filter>Source Files</Filter>
    </Midl>
    <Midl Include="Server\DaServer.odl">
      <Filter>Source Files</Filter>
    </Midl>
  </ItemGroup>
  <ItemGroup>
    <ClInclude Include="Common\AgentAnchor.h">
      <Filter>Header Files</Filter>
    </ClInclude>
    <ClInclude Include="Common\AgentFileCache.h">
      <Filter>Header Files</Filter>
    </ClInclude>
    <ClInclude Include="Server\DaActionTrace.h">
      <Filter>Header Files</Filter>
    </ClInclude>
    <ClInclude Include="ApiHelp\Source\DaApiHelp.h">
      <Filter>Header Files</Filter>
    </ClInclude>
    <ClInclude Include="Common\DaCmnAnimationNames.h">
      <Filter>Header Files</Filter>
    </ClInclude>
    <ClInclude Include="Common\DaCmnBalloon.h">
      <Filter>Header Files</Filter>
    </ClInclude>
    <ClInclude Include="Common\DaCmnCharacter.h">
      <Filter>Header Files</Filter>
    </ClInclude>
    <ClInclude Include="Common\DaCmnCharacterFiles.h">
      <Filter>Header Files</Filter>
    </ClInclude>
    <ClInclude Include="Common\DaCmnCommand.h">
      <Filter>Header Files</Filter>
    </ClInclude>
    <ClInclude Include="Common\DaCmnCommands.h">
      <Filter>Header Files</Filter>
    </ClInclude>
    <ClInclude Include="Common\DaCmnCommandsWindow.h">
      <Filter>Header Files</Filter>
    </ClInclude>
    <ClInclude Include="Common\DaCmnFormattedText.h">
      <Filter>Header Files</Filter>
    </ClInclude>
    <ClInclude Include="Common\DaCmnPropertySheet.h">
      <Filter>Header Files</Filter>
    </ClInclude>
    <ClInclude Include="Common\DaCmnSettings.h">
      <Filter>Header Files</Filter>
    </ClInclude>
    <ClInclude Include="Common\DaCmnSREngine.h">
      <Filter>Header Files</Filter>
    </ClInclude>
    <ClInclude Include="Common\DaCmnSREngines.h">
      <Filter>Header Files</Filter>
    </ClInclude>
    <ClInclude Include="Common\DaCmnTTSEngine.h">
      <Filter>Header Files</Filter>
    </ClInclude>
    <ClInclude Include="Common\DaCmnTTSEngines.h">
      <Filter>Header Files</Filter>
    </ClInclude>
    <ClInclude Include="Common\DaCmnUserInput.h">
      <Filter>Header Files</Filter>
    </ClInclude>
    <ClInclude Include="Server\DaElevatedSettings.h">
      <Filter>Header Files</Filter>
    </ClInclude>
    <ClInclude Include="Include\DaGuid.h">
      <Filter>Header Files</Filter>
    </ClInclude>
    <ClInclude Include="Server\DaServer.h">
      <Filter>Header Files</Filter>
    </ClInclude>
    <ClInclude Include="Server\DaServerApp.h">
      <Filter>Header Files</Filter>
    </ClInclude>
    <ClInclude Include="Include\DaServerInterface.h">
      <Filter>Header Files</Filter>
    </ClInclude>
    <ClInclude Include="Server\DaSvrAnimationNames.h">
      <Filter>Header Files</Filter>
    </ClInclude>
    <ClInclude Include="Server\DaSvrAudioOutput.h">
      <Filter>Header Files</Filter>
    </ClInclude>
    <ClInclude Include="Server\DaSvrBalloon.h">
      <Filter>Header Files</Filter>
    </ClInclude>
    <ClInclude Include="Server\DaSvrCharacter.h">
      <Filter>Header Files</Filter>
    </ClInclude>
    <ClInclude Include="Server\DaSvrCharacterFiles.h">
      <Filter>Header Files</Filter>
    </ClInclude>
    <ClInclude Include="Server\DaSvrCommand.h">
      <Filter>Header Files</Filter>
    </ClInclude>
    <ClInclude Include="Server\DaSvrCommands.h">
      <Filter>Header Files</Filter>
    </ClInclude>
    <ClInclude Include="Server\DaSvrCommandsWindow.h">
      <Filter>Header Files</Filter>
    </ClInclude>
    <ClInclude Include="Server\DaSvrEvents.h">
      <Filter>Header Files</Filter>
    </ClInclude>
    <ClInclude Include="Server\DaSvrFormattedText.h">
      <Filter>Header Files</Filter>
    </ClInclude>
    <ClInclude Include="Server\DaSvrPropertySheet.h">
      <Filter>Header Files</Filter>
    </ClInclude>
    <ClInclude Include="Server\DaSvrSettings.h">
      <Filter>Header Files</Filter>
    </ClInclude>
    <ClInclude Include="Server\DaSvrSpeechInput.h">
      <Filter>Header Files</Filter>
    </ClInclude>
    <ClInclude Include="Server\DaSvrSREngine.h">
      <Filter>Header Files</Filter>
    </ClInclude>
    <ClInclude Include="Server\DaSvrSREngines.h">
      <Filter>Header Files</Filter>
    </ClInclude>
    <ClInclude Include="Server\DaSvrTTSEngine.h">
      <Filter>Header Files</Filter>
    </ClInclude>
    <ClInclude Include="Server\DaSvrTTSEngines.h">
      <Filter>Header Files</Filter>
    </ClInclude>
    <ClInclude Include="Server\DaSvrUserInput.h">
      <Filter>Header Files</Filter>
    </ClInclude>
    <ClInclude Include="Include\DaVersion.h">
      <Filter>Header Files</Filter>
    </ClInclude>
    <ClInclude Include="Common\EventNotify.h">
      <Filter>Header Files</Filter>
    </ClInclude>
    <ClInclude Include="Common\ListeningState.h">
      <Filter>Header Files</Filter>
    </ClInclude>
    <ClInclude Include="Common\PropSheetOptions.h">
      <Filter>Header Files</Filter>
    </ClInclude>
    <ClInclude Include="Server\ServerLifetime.h">
      <Filter>Header Files</Filter>
    </ClInclude>
    <ClInclude Include="Server\ServerNotify.h">
      <Filter>Header Files</Filter>
    </ClInclude>
    <ClInclude Include="Util\Atl\StdAfx.h">
      <Filter>Header Files</Filter>
    </ClInclude>
    <ClInclude Include="Server\DaServerRes.h">
      <Filter>Resource Files</Filter>
    </ClInclude>
    <ClInclude Include="Include\DaServerOdl.h">
      <Filter>Generated Files</Filter>
    </ClInclude>
    <ClInclude Include="Common\DaCmnTTSPrivate.h">
      <Filter>Header Files</Filter>
    </ClInclude>
    <ClInclude Include="Server\DaSvrTTSPrivate.h">
      <Filter>Header Files</Filter>
    </ClInclude>
  </ItemGroup>
  <ItemGroup>
    <None Include="Server\DaEmulation.rgs">
      <Filter>Resource Files</Filter>
    </None>
    <None Include="Resources\DaServer.rc2">
      <Filter>Resource Files</Filter>
    </None>
    <None Include="Server\DaServer.rgs">
      <Filter>Resource Files</Filter>
    </None>
    <None Include="Server\DaServerApp.rgs">
      <Filter>Resource Files</Filter>
    </None>
    <None Include="Server\DaSvrAnimationNames.rgs">
      <Filter>Resource Files</Filter>
    </None>
    <None Include="Server\DaSvrAudioOutput.rgs">
      <Filter>Resource Files</Filter>
    </None>
    <None Include="Server\DaSvrBalloon.rgs">
      <Filter>Resource Files</Filter>
    </None>
    <None Include="Server\DaSvrCharacter.rgs">
      <Filter>Resource Files</Filter>
    </None>
    <None Include="Server\DaSvrCharacterFiles.rgs">
      <Filter>Resource Files</Filter>
    </None>
    <None Include="Server\DaSvrCommand.rgs">
      <Filter>Resource Files</Filter>
    </None>
    <None Include="Server\DaSvrCommands.rgs">
      <Filter>Resource Files</Filter>
    </None>
    <None Include="Server\DaSvrCommandsWindow.rgs">
      <Filter>Resource Files</Filter>
    </None>
    <None Include="Server\DaSvrPropertySheet.rgs">
      <Filter>Resource Files</Filter>
    </None>
    <None Include="Server\DaSvrSettings.rgs">
      <Filter>Resource Files</Filter>
    </None>
    <None Include="Server\DaSvrSpeechInput.rgs">
      <Filter>Resource Files</Filter>
    </None>
    <None Include="Server\DaSvrSREngine.rgs">
      <Filter>Resource Files</Filter>
    </None>
    <None Include="Server\DaSvrSREngines.rgs">
      <Filter>Resource Files</Filter>
    </None>
    <None Include="Server\DaSvrTTSEngine.rgs">
      <Filter>Resource Files</Filter>
    </None>
    <None Include="Server\DaSvrTTSEngines.rgs">
      <Filter>Resource Files</Filter>
    </None>
    <None Include="Server\DaSvrUserInput.rgs">
      <Filter>Resource Files</Filter>
    </None>
    <None Include="Resources\DoubleAgent.ico">
      <Filter>Resource Files</Filter>
    </None>
    <None Include="Server\GPLicenseHeader.txt" />
    <None Include="Server\DaSvrTTSPrivate.rgs">
      <Filter>Resource Files</Filter>
    </None>
  </ItemGroup>
  <ItemGroup>
    <ResourceCompile Include="Server\DaServer.rc">
      <Filter>Resource Files</Filter>
    </ResourceCompile>
  </ItemGroup>
</Project>