<?xml version="1.0" encoding="utf-8"?>
<Project ToolsVersion="4.0" xmlns="http://schemas.microsoft.com/developer/msbuild/2003">
  <ItemGroup>
    <Filter Include="Source Files">
      <UniqueIdentifier>{CF411EB4-A07E-4d86-BDFB-B0212D0F10B7}</UniqueIdentifier>
      <Extensions>cpp;c;cc;cxx;def;odl;idl;hpj;bat;asm;asmx</Extensions>
    </Filter>
    <Filter Include="Header Files">
      <UniqueIdentifier>{C54C53FF-4D70-4d0c-B3CE-941EA2FA0A05}</UniqueIdentifier>
      <Extensions>h;hpp;hxx;hm;inl;inc;xsd</Extensions>
    </Filter>
    <Filter Include="Resource Files">
      <UniqueIdentifier>{0FFC8FA2-61B0-4218-918F-4D6E1CD543B9}</UniqueIdentifier>
      <Extensions>rc;ico;cur;bmp;dlg;rc2;rct;bin;rgs;gif;jpg;jpeg;jpe;resx;tiff;tif;png;wav</Extensions>
    </Filter>
  </ItemGroup>
  <ItemGroup>
    <ClCompile Include="..\..\Util\Mfc\StdAfx.cpp">
      <Filter>Source Files</Filter>
    </ClCompile>
    <ClCompile Include="StressTest.cpp">
      <Filter>Source Files</Filter>
    </ClCompile>
    <ClCompile Include="StressTestDlg.cpp">
      <Filter>Source Files</Filter>
    </ClCompile>
  </ItemGroup>
  <ItemGroup>
    <ClInclude Include="..\..\Util\Mfc\StdAfx.h">
      <Filter>Header Files</Filter>
    </ClInclude>
    <ClInclude Include="StressTest.h">
      <Filter>Header Files</Filter>
    </ClInclude>
    <ClInclude Include="StressTestDlg.h">
      <Filter>Header Files</Filter>
    </ClInclude>
    <ClInclude Include="StressTestRes.h">
      <Filter>Resource Files</Filter>
    </ClInclude>
  </ItemGroup>
  <ItemGroup>
    <None Include="..\..\Resources\DoubleAgent.ico">
      <Filter>Resource Files</Filter>
    </None>
    <None Include="StressTest.rc2">
      <Filter>Resource Files</Filter>
    </None>
    <None Include="..\..\..\Users\Don\AppData\LocalLow\Control.log" />
    <None Include="..\..\..\ProgramData\Double Agent\Debug.ini" />
    <None Include="..\..\..\Users\Don\Desktop\Double Agent.log" />
    <None Include="..\..\Stress.cmd" />
    <None Include="..\..\..\Users\Don\Desktop\StressTest.log" />
  </ItemGroup>
  <ItemGroup>
    <ResourceCompile Include="StressTest.rc">
      <Filter>Resource Files</Filter>
    </ResourceCompile>
  </ItemGroup>
</Project>