<?xml version="1.0" encoding="utf-8"?>
<Project ToolsVersion="4.0" xmlns="http://schemas.microsoft.com/developer/msbuild/2003">
  <ItemGroup>
    <Filter Include="Source Files">
      <UniqueIdentifier>{4E57FAC5-BE58-4c32-B095-A4C458DE8062}</UniqueIdentifier>
      <Extensions>cpp;c;cc;cxx;def;odl;idl;hpj;bat;asm;asmx</Extensions>
    </Filter>
    <Filter Include="Header Files">
      <UniqueIdentifier>{BD0E2ABB-8AA1-4d52-9BAE-303463ED9676}</UniqueIdentifier>
      <Extensions>h;hpp;hxx;hm;inl;inc;xsd</Extensions>
    </Filter>
    <Filter Include="Resource Files">
      <UniqueIdentifier>{3BF1F46F-159B-4948-BD67-73BDB2640F96}</UniqueIdentifier>
      <Extensions>rc;ico;cur;bmp;dlg;rc2;rct;bin;rgs;gif;jpg;jpeg;jpe;resx;tiff;tif;png;wav</Extensions>
    </Filter>
  </ItemGroup>
  <ItemGroup>
    <ClCompile Include="ActionFile.cpp">
      <Filter>Source Files</Filter>
    </ClCompile>
    <ClCompile Include="ActionList.cpp">
      <Filter>Source Files</Filter>
    </ClCompile>
    <ClCompile Include="ReplayActions.cpp">
      <Filter>Source Files</Filter>
    </ClCompile>
    <ClCompile Include="ReplayActionsDlg.cpp">
      <Filter>Source Files</Filter>
    </ClCompile>
    <ClCompile Include="..\..\Util\Mfc\StdAfx.cpp">
      <Filter>Source Files</Filter>
    </ClCompile>
  </ItemGroup>
  <ItemGroup>
    <ClInclude Include="ActionFile.h">
      <Filter>Header Files</Filter>
    </ClInclude>
    <ClInclude Include="ActionList.h">
      <Filter>Header Files</Filter>
    </ClInclude>
    <ClInclude Include="..\..\Server\DaActionTrace.h">
      <Filter>Header Files</Filter>
    </ClInclude>
    <ClInclude Include="ReplayActions.h">
      <Filter>Header Files</Filter>
    </ClInclude>
    <ClInclude Include="ReplayActionsDlg.h">
      <Filter>Header Files</Filter>
    </ClInclude>
    <ClInclude Include="..\..\Util\Mfc\StdAfx.h">
      <Filter>Header Files</Filter>
    </ClInclude>
    <ClInclude Include="ReplayActionsRes.h">
      <Filter>Resource Files</Filter>
    </ClInclude>
  </ItemGroup>
  <ItemGroup>
    <ResourceCompile Include="ReplayActions.rc">
      <Filter>Resource Files</Filter>
    </ResourceCompile>
  </ItemGroup>
  <ItemGroup>
    <None Include="ReplayActions.rc2">
      <Filter>Resource Files</Filter>
    </None>
    <None Include="..\..\..\ProgramData\Double Agent\Debug.ini" />
    <None Include="..\..\..\Users\Don\Desktop\Double Agent.log" />
  </ItemGroup>
</Project>