<?xml version="1.0" encoding="utf-8"?>
<Project ToolsVersion="4.0" xmlns="http://schemas.microsoft.com/developer/msbuild/2003">
  <ItemGroup>
    <Filter Include="Source Files">
      <UniqueIdentifier>{C5316014-B7B2-469e-B8B6-08DE1E8E4F46}</UniqueIdentifier>
      <Extensions>cpp;c;cc;cxx;def;odl;idl;hpj;bat;asm;asmx</Extensions>
    </Filter>
    <Filter Include="Header Files">
      <UniqueIdentifier>{9C7E9BEB-49A0-4ac8-BC2A-EFFAC203609A}</UniqueIdentifier>
      <Extensions>h;hpp;hxx;hm;inl;inc;xsd</Extensions>
    </Filter>
    <Filter Include="Resource Files">
      <UniqueIdentifier>{B633FC8C-432F-40e7-BD75-FCA6F6790E4D}</UniqueIdentifier>
      <Extensions>rc;ico;cur;bmp;dlg;rc2;rct;bin;rgs;gif;jpg;jpeg;jpe;resx;tiff;tif;png;wav</Extensions>
    </Filter>
    <Filter Include="Generated Files">
      <UniqueIdentifier>{1365CDD5-3E69-44ae-837E-F445AA2184AE}</UniqueIdentifier>
      <SourceControlFiles>False</SourceControlFiles>
    </Filter>
    <Filter Include="Source Files\Objects">
      <UniqueIdentifier>{8af5279e-9b5a-4f7b-8460-7cc03d7e1db5}</UniqueIdentifier>
    </Filter>
    <Filter Include="Source Files\Common">
      <UniqueIdentifier>{d0d8d6c5-d70b-4aad-98a2-dbe152dfad77}</UniqueIdentifier>
    </Filter>
    <Filter Include="Header Files\Objects">
      <UniqueIdentifier>{6ec22006-be4a-451b-9cea-80ed85307968}</UniqueIdentifier>
    </Filter>
    <Filter Include="Header Files\Common">
      <UniqueIdentifier>{4ca790ee-911e-48ef-b62a-bc9a41175639}</UniqueIdentifier>
    </Filter>
    <Filter Include="Source Files\Core">
      <UniqueIdentifier>{5ce94fb5-8341-4410-a35e-8a234e5b959f}</UniqueIdentifier>
    </Filter>
    <Filter Include="Header Files\Core">
      <UniqueIdentifier>{8a3b0ea9-a0a3-4959-9d91-6cd7dc67a7ff}</UniqueIdentifier>
    </Filter>
  </ItemGroup>
  <ItemGroup>
    <ClCompile Include="Control\DaControl.cpp">
      <Filter>Source Files</Filter>
    </ClCompile>
    <ClCompile Include="Control\DaControlMod.cpp">
      <Filter>Source Files</Filter>
    </ClCompile>
    <ClCompile Include="Core\DaError.cpp">
      <Filter>Source Files</Filter>
    </ClCompile>
    <ClCompile Include="Control\LocalCharacter.cpp">
      <Filter>Source Files</Filter>
    </ClCompile>
    <ClCompile Include="Util\Atl\StdAfx.cpp">
      <Filter>Source Files</Filter>
    </ClCompile>
    <ClCompile Include="Include\DaControl_i.c">
      <Filter>Generated Files</Filter>
    </ClCompile>
    <ClCompile Include="Control\DaCtlAnimationNames.cpp">
      <Filter>Source Files\Objects</Filter>
    </ClCompile>
    <ClCompile Include="Control\DaCtlUserInput.cpp">
      <Filter>Source Files\Objects</Filter>
    </ClCompile>
    <ClCompile Include="Control\DaCtlAudioOutput.cpp">
      <Filter>Source Files\Objects</Filter>
    </ClCompile>
    <ClCompile Include="Control\DaCtlBalloon.cpp">
      <Filter>Source Files\Objects</Filter>
    </ClCompile>
    <ClCompile Include="Control\DaCtlCharacter.cpp">
      <Filter>Source Files\Objects</Filter>
    </ClCompile>
    <ClCompile Include="Control\DaCtlCharacterFiles.cpp">
      <Filter>Source Files\Objects</Filter>
    </ClCompile>
    <ClCompile Include="Control\DaCtlCharacters.cpp">
      <Filter>Source Files\Objects</Filter>
    </ClCompile>
    <ClCompile Include="Control\DaCtlCommand.cpp">
      <Filter>Source Files\Objects</Filter>
    </ClCompile>
    <ClCompile Include="Control\DaCtlCommands.cpp">
      <Filter>Source Files\Objects</Filter>
    </ClCompile>
    <ClCompile Include="Control\DaCtlCommandsWindow.cpp">
      <Filter>Source Files\Objects</Filter>
    </ClCompile>
    <ClCompile Include="Control\DaCtlEvents.cpp">
      <Filter>Source Files\Objects</Filter>
    </ClCompile>
    <ClCompile Include="Control\DaCtlFormattedText.cpp">
      <Filter>Source Files\Objects</Filter>
    </ClCompile>
    <ClCompile Include="Control\DaCtlPropertySheet.cpp">
      <Filter>Source Files\Objects</Filter>
    </ClCompile>
    <ClCompile Include="Control\DaCtlRequest.cpp">
      <Filter>Source Files\Objects</Filter>
    </ClCompile>
    <ClCompile Include="Control\DaCtlSettings.cpp">
      <Filter>Source Files\Objects</Filter>
    </ClCompile>
    <ClCompile Include="Control\DaCtlSpeechInput.cpp">
      <Filter>Source Files\Objects</Filter>
    </ClCompile>
    <ClCompile Include="Control\DaCtlSREngine.cpp">
      <Filter>Source Files\Objects</Filter>
    </ClCompile>
    <ClCompile Include="Control\DaCtlSREngines.cpp">
      <Filter>Source Files\Objects</Filter>
    </ClCompile>
    <ClCompile Include="Control\DaCtlTTSEngine.cpp">
      <Filter>Source Files\Objects</Filter>
    </ClCompile>
    <ClCompile Include="Control\DaCtlTTSEngines.cpp">
      <Filter>Source Files\Objects</Filter>
    </ClCompile>
    <ClCompile Include="Common\DaCmnAnimationNames.cpp">
      <Filter>Source Files\Common</Filter>
    </ClCompile>
    <ClCompile Include="Common\DaCmnUserInput.cpp">
      <Filter>Source Files\Common</Filter>
    </ClCompile>
    <ClCompile Include="Common\DaCmnBalloon.cpp">
      <Filter>Source Files\Common</Filter>
    </ClCompile>
    <ClCompile Include="Common\DaCmnCharacter.cpp">
      <Filter>Source Files\Common</Filter>
    </ClCompile>
    <ClCompile Include="Common\DaCmnCharacterFiles.cpp">
      <Filter>Source Files\Common</Filter>
    </ClCompile>
    <ClCompile Include="Common\DaCmnCommand.cpp">
      <Filter>Source Files\Common</Filter>
    </ClCompile>
    <ClCompile Include="Common\DaCmnCommands.cpp">
      <Filter>Source Files\Common</Filter>
    </ClCompile>
    <ClCompile Include="Common\DaCmnCommandsWindow.cpp">
      <Filter>Source Files\Common</Filter>
    </ClCompile>
    <ClCompile Include="Common\DaCmnFormattedText.cpp">
      <Filter>Source Files\Common</Filter>
    </ClCompile>
    <ClCompile Include="Common\DaCmnPropertySheet.cpp">
      <Filter>Source Files\Common</Filter>
    </ClCompile>
    <ClCompile Include="Common\DaCmnSettings.cpp">
      <Filter>Source Files\Common</Filter>
    </ClCompile>
    <ClCompile Include="Common\DaCmnSREngine.cpp">
      <Filter>Source Files\Common</Filter>
    </ClCompile>
    <ClCompile Include="Common\DaCmnSREngines.cpp">
      <Filter>Source Files\Common</Filter>
    </ClCompile>
    <ClCompile Include="Common\DaCmnTTSEngine.cpp">
      <Filter>Source Files\Common</Filter>
    </ClCompile>
    <ClCompile Include="Common\DaCmnTTSEngines.cpp">
      <Filter>Source Files\Common</Filter>
    </ClCompile>
    <ClCompile Include="Common\ListeningState.cpp">
      <Filter>Source Files\Common</Filter>
    </ClCompile>
    <ClCompile Include="Common\EventNotify.cpp">
      <Filter>Source Files\Common</Filter>
    </ClCompile>
    <ClCompile Include="Core\AgentWnd.cpp">
      <Filter>Source Files\Core</Filter>
    </ClCompile>
    <ClCompile Include="Common\AgentFileCache.cpp">
      <Filter>Source Files\Common</Filter>
    </ClCompile>
    <ClCompile Include="Common\AgentAnchor.cpp">
      <Filter>Source Files\Common</Filter>
    </ClCompile>
    <ClCompile Include="Core\AgentText.cpp">
      <Filter>Source Files\Core</Filter>
    </ClCompile>
    <ClCompile Include="Common\AgentTextObject.cpp">
      <Filter>Source Files\Common</Filter>
    </ClCompile>
    <ClCompile Include="Core\AgentTextParse.cpp">
      <Filter>Source Files\Core</Filter>
    </ClCompile>
    <ClCompile Include="Common\PropSheetOptions.cpp">
      <Filter>Source Files\Common</Filter>
    </ClCompile>
    <ClCompile Include="Core\AgentCharacterWnd.cpp">
      <Filter>Source Files\Core</Filter>
    </ClCompile>
    <ClCompile Include="Core\AgentFile.cpp">
      <Filter>Source Files\Core</Filter>
    </ClCompile>
    <ClCompile Include="Core\AgentFileParts.cpp">
      <Filter>Source Files\Core</Filter>
    </ClCompile>
    <ClCompile Include="Core\NotifyObjects.cpp">
      <Filter>Source Files\Core</Filter>
    </ClCompile>
    <ClCompile Include="Core\AgentBalloonOptions.cpp">
      <Filter>Source Files\Core</Filter>
    </ClCompile>
    <ClCompile Include="Core\AgentBalloonShape.cpp">
      <Filter>Source Files\Core</Filter>
    </ClCompile>
    <ClCompile Include="Core\AgentBalloonWnd.cpp">
      <Filter>Source Files\Core</Filter>
    </ClCompile>
    <ClCompile Include="Core\AgentFileAcf.cpp">
      <Filter>Source Files\Core</Filter>
    </ClCompile>
    <ClCompile Include="Core\AgentFileBinary.cpp">
      <Filter>Source Files\Core</Filter>
    </ClCompile>
    <ClCompile Include="Core\AgentFileAcs.cpp">
      <Filter>Source Files\Core</Filter>
    </ClCompile>
    <ClCompile Include="Core\AgentFileV15.cpp">
      <Filter>Source Files\Core</Filter>
    </ClCompile>
    <ClCompile Include="Core\AgentListeningWnd.cpp">
      <Filter>Source Files\Core</Filter>
    </ClCompile>
    <ClCompile Include="Core\Sapi5Input.cpp">
      <Filter>Source Files\Core</Filter>
    </ClCompile>
    <ClCompile Include="Core\Sapi5Inputs.cpp">
      <Filter>Source Files\Core</Filter>
    </ClCompile>
    <ClCompile Include="Core\Sapi5Voice.cpp">
      <Filter>Source Files\Core</Filter>
    </ClCompile>
    <ClCompile Include="Core\Sapi5Voices.cpp">
      <Filter>Source Files\Core</Filter>
    </ClCompile>
    <ClCompile Include="Core\Sapi5Err.cpp">
      <Filter>Source Files\Core</Filter>
    </ClCompile>
    <ClCompile Include="Core\Sapi4Voices.cpp">
      <Filter>Source Files\Core</Filter>
    </ClCompile>
    <ClCompile Include="Core\Sapi4Voice.cpp">
      <Filter>Source Files\Core</Filter>
    </ClCompile>
    <ClCompile Include="Core\Sapi4Err.cpp">
      <Filter>Source Files\Core</Filter>
    </ClCompile>
    <ClCompile Include="Core\QueuedSpeech.cpp">
      <Filter>Source Files\Core</Filter>
    </ClCompile>
    <ClCompile Include="Core\QueuedPrepare.cpp">
      <Filter>Source Files\Core</Filter>
    </ClCompile>
    <ClCompile Include="Core\QueuedActions.cpp">
      <Filter>Source Files\Core</Filter>
    </ClCompile>
    <ClCompile Include="Core\QueuedAction.cpp">
      <Filter>Source Files\Core</Filter>
    </ClCompile>
    <ClCompile Include="Core\PropPageCopyright.cpp">
      <Filter>Source Files\Core</Filter>
    </ClCompile>
    <ClCompile Include="Core\PropPageCharSel.cpp">
      <Filter>Source Files\Core</Filter>
    </ClCompile>
    <ClCompile Include="Core\PropPageOutput.cpp">
      <Filter>Source Files\Core</Filter>
    </ClCompile>
    <ClCompile Include="Core\PropPageSpeech.cpp">
      <Filter>Source Files\Core</Filter>
    </ClCompile>
    <ClCompile Include="Core\SapiLanguageMatch.cpp">
      <Filter>Source Files\Core</Filter>
    </ClCompile>
    <ClCompile Include="Core\SapiVoice.cpp">
      <Filter>Source Files\Core</Filter>
    </ClCompile>
    <ClCompile Include="Core\FileDownload.cpp">
      <Filter>Source Files\Core</Filter>
    </ClCompile>
    <ClCompile Include="Core\DirectShowClock.cpp">
      <Filter>Source Files\Core</Filter>
    </ClCompile>
    <ClCompile Include="Core\DirectSoundPinPush.cpp">
      <Filter>Source Files\Core</Filter>
    </ClCompile>
    <ClCompile Include="Core\DirectShowEnums.cpp">
      <Filter>Source Files\Core</Filter>
    </ClCompile>
    <ClCompile Include="Core\DirectShowFilter.cpp">
      <Filter>Source Files\Core</Filter>
    </ClCompile>
    <ClCompile Include="Core\DirectShowPins.cpp">
      <Filter>Source Files\Core</Filter>
    </ClCompile>
    <ClCompile Include="Core\DirectShowRender.cpp">
      <Filter>Source Files\Core</Filter>
    </ClCompile>
    <ClCompile Include="Core\DirectShowSeeking.cpp">
      <Filter>Source Files\Core</Filter>
    </ClCompile>
    <ClCompile Include="Core\DirectShowSource.cpp">
      <Filter>Source Files\Core</Filter>
    </ClCompile>
    <ClCompile Include="Core\DirectShowTrace.cpp">
      <Filter>Source Files\Core</Filter>
    </ClCompile>
    <ClCompile Include="Core\DirectShowUtils.cpp">
      <Filter>Source Files\Core</Filter>
    </ClCompile>
    <ClCompile Include="Core\DirectShowWnd.cpp">
      <Filter>Source Files\Core</Filter>
    </ClCompile>
    <ClCompile Include="Core\DirectSoundConvert.cpp">
      <Filter>Source Files\Core</Filter>
    </ClCompile>
    <ClCompile Include="Core\DirectSoundLipSync.cpp">
      <Filter>Source Files\Core</Filter>
    </ClCompile>
    <ClCompile Include="Core\AgentFiles.cpp">
      <Filter>Source Files\Core</Filter>
    </ClCompile>
    <ClCompile Include="Core\AgentStreamInfo.cpp">
      <Filter>Source Files\Core</Filter>
    </ClCompile>
    <ClCompile Include="Core\VoiceCommandsWnd.cpp">
      <Filter>Source Files\Core</Filter>
    </ClCompile>
    <ClCompile Include="Core\SapiInputCache.cpp">
      <Filter>Source Files\Core</Filter>
    </ClCompile>
    <ClCompile Include="Core\AgentPopupWnd.cpp">
      <Filter>Source Files\Core</Filter>
    </ClCompile>
    <ClCompile Include="Core\DaGlobalConfig.cpp">
      <Filter>Source Files\Core</Filter>
    </ClCompile>
    <ClCompile Include="Core\VfwError.cpp">
      <Filter>Source Files\Core</Filter>
    </ClCompile>
    <ClCompile Include="Core\AgentStreamUtils.cpp">
      <Filter>Source Files\Core</Filter>
    </ClCompile>
    <ClCompile Include="Core\AgentPreviewWnd.cpp">
      <Filter>Source Files\Core</Filter>
    </ClCompile>
    <ClCompile Include="Core\SapiVoiceCache.cpp">
      <Filter>Source Files\Core</Filter>
    </ClCompile>
    <ClCompile Include="Core\AgentNotifyIcon.cpp">
      <Filter>Source Files\Core</Filter>
    </ClCompile>
    <ClCompile Include="Core\AgentIconMaker.cpp">
      <Filter>Source Files\Core</Filter>
    </ClCompile>
    <ClCompile Include="Core\MmSysError.cpp">
      <Filter>Source Files\Core</Filter>
    </ClCompile>
    <ClCompile Include="Core\DaCoreAnchor.cpp">
      <Filter>Source Files\Core</Filter>
    </ClCompile>
    <ClCompile Include="Util\ThemedModule.cpp">
      <Filter>Source Files</Filter>
    </ClCompile>
    <ClCompile Include="Core\DaLocalizeMui.cpp">
      <Filter>Source Files</Filter>
    </ClCompile>
    <ClCompile Include="Core\Sapi5VoicePrivate.cpp">
      <Filter>Source Files\Core</Filter>
    </ClCompile>
    <ClCompile Include="Common\DaCmnTTSPrivate.cpp">
      <Filter>Source Files\Common</Filter>
    </ClCompile>
    <ClCompile Include="Control\DaCtlTTSPrivate.cpp">
      <Filter>Source Files\Objects</Filter>
    </ClCompile>
  </ItemGroup>
  <ItemGroup>
    <None Include="Control\DaControl.def">
      <Filter>Source Files</Filter>
    </None>
    <None Include="Resources\DaAgentCtl.bmp">
      <Filter>Resource Files</Filter>
    </None>
    <None Include="Resources\DaControl.rc2">
      <Filter>Resource Files</Filter>
    </None>
    <None Include="Control\DaControl.rgs">
      <Filter>Resource Files</Filter>
    </None>
    <None Include="Control\DaControlMod.rgs">
      <Filter>Resource Files</Filter>
    </None>
    <None Include="Control\DaCtlAnimationNames.rgs">
      <Filter>Resource Files</Filter>
    </None>
    <None Include="Control\DaCtlAudioOutput.rgs">
      <Filter>Resource Files</Filter>
    </None>
    <None Include="Control\DaCtlBalloon.rgs">
      <Filter>Resource Files</Filter>
    </None>
    <None Include="Control\DaCtlCharacter.rgs">
      <Filter>Resource Files</Filter>
    </None>
    <None Include="Control\DaCtlCharacterFiles.rgs">
      <Filter>Resource Files</Filter>
    </None>
    <None Include="Control\DaCtlCharacters.rgs">
      <Filter>Resource Files</Filter>
    </None>
    <None Include="Control\DaCtlCommand.rgs">
      <Filter>Resource Files</Filter>
    </None>
    <None Include="Control\DaCtlCommands.rgs">
      <Filter>Resource Files</Filter>
    </None>
    <None Include="Control\DaCtlCommandsWindow.rgs">
      <Filter>Resource Files</Filter>
    </None>
    <None Include="Control\DaCtlPropertySheet.rgs">
      <Filter>Resource Files</Filter>
    </None>
    <None Include="Control\DaCtlRequest.rgs">
      <Filter>Resource Files</Filter>
    </None>
    <None Include="Control\DaCtlSettings.rgs">
      <Filter>Resource Files</Filter>
    </None>
    <None Include="Control\DaCtlSpeechInput.rgs">
      <Filter>Resource Files</Filter>
    </None>
    <None Include="Control\DaCtlSREngine.rgs">
      <Filter>Resource Files</Filter>
    </None>
    <None Include="Control\DaCtlSREngines.rgs">
      <Filter>Resource Files</Filter>
    </None>
    <None Include="Control\DaCtlTTSEngine.rgs">
      <Filter>Resource Files</Filter>
    </None>
    <None Include="Control\DaCtlTTSEngines.rgs">
      <Filter>Resource Files</Filter>
    </None>
    <None Include="Control\DaCtlUserInput.rgs">
      <Filter>Resource Files</Filter>
    </None>
    <None Include="Resources\DaError.rc2">
      <Filter>Resource Files</Filter>
    </None>
    <None Include="Resources\DoubleAgent.ico">
      <Filter>Resource Files</Filter>
    </None>
    <None Include="Control\GPLicenseHeader.txt" />
    <None Include="Control\DaCtlEvents1.odl.inl">
      <Filter>Source Files\Objects</Filter>
    </None>
    <None Include="Control\DaCtlEvents2.odl.inl">
      <Filter>Source Files\Objects</Filter>
    </None>
    <None Include="Install\DaControlOCX.ddf" />
    <None Include="Install\DaControlOCX(X86).inf" />
    <None Include="Resources\DaCoreDialogs.rc2">
      <Filter>Resource Files</Filter>
    </None>
    <None Include="Resources\DaCoreStrings.rc2">
      <Filter>Resource Files</Filter>
    </None>
    <None Include="Control\DaControlRgs.rc2">
      <Filter>Resource Files</Filter>
    </None>
  </ItemGroup>
  <ItemGroup>
    <ClInclude Include="ApiHelp\Source\DaApiHelp.h">
      <Filter>Header Files</Filter>
    </ClInclude>
    <ClInclude Include="Control\DaControl.h">
      <Filter>Header Files</Filter>
    </ClInclude>
    <ClInclude Include="Include\DaControlInterface.h">
      <Filter>Header Files</Filter>
    </ClInclude>
    <ClInclude Include="Control\DaControlMod.h">
      <Filter>Header Files</Filter>
    </ClInclude>
    <ClInclude Include="Include\DaVersion.h">
      <Filter>Header Files</Filter>
    </ClInclude>
    <ClInclude Include="Control\LocalCharacter.h">
      <Filter>Header Files</Filter>
    </ClInclude>
    <ClInclude Include="Util\Atl\StdAfx.h">
      <Filter>Header Files</Filter>
    </ClInclude>
    <ClInclude Include="Util\Atl\TargetVer.h">
      <Filter>Header Files</Filter>
    </ClInclude>
    <ClInclude Include="Control\DaControlRes.h">
      <Filter>Resource Files</Filter>
    </ClInclude>
    <ClInclude Include="Core\DaErrorRes.h">
      <Filter>Resource Files</Filter>
    </ClInclude>
    <ClInclude Include="Include\DaControlOdl.h">
      <Filter>Generated Files</Filter>
    </ClInclude>
    <ClInclude Include="Control\DaCtlAnimationNames.h">
      <Filter>Header Files\Objects</Filter>
    </ClInclude>
    <ClInclude Include="Control\DaCtlUserInput.h">
      <Filter>Header Files\Objects</Filter>
    </ClInclude>
    <ClInclude Include="Control\DaCtlAudioOutput.h">
      <Filter>Header Files\Objects</Filter>
    </ClInclude>
    <ClInclude Include="Control\DaCtlBalloon.h">
      <Filter>Header Files\Objects</Filter>
    </ClInclude>
    <ClInclude Include="Control\DaCtlCharacter.h">
      <Filter>Header Files\Objects</Filter>
    </ClInclude>
    <ClInclude Include="Control\DaCtlCharacterFiles.h">
      <Filter>Header Files\Objects</Filter>
    </ClInclude>
    <ClInclude Include="Control\DaCtlCharacters.h">
      <Filter>Header Files\Objects</Filter>
    </ClInclude>
    <ClInclude Include="Control\DaCtlCommand.h">
      <Filter>Header Files\Objects</Filter>
    </ClInclude>
    <ClInclude Include="Control\DaCtlCommands.h">
      <Filter>Header Files\Objects</Filter>
    </ClInclude>
    <ClInclude Include="Control\DaCtlCommandsWindow.h">
      <Filter>Header Files\Objects</Filter>
    </ClInclude>
    <ClInclude Include="Control\DaCtlEvents.h">
      <Filter>Header Files\Objects</Filter>
    </ClInclude>
    <ClInclude Include="Control\DaCtlFormattedText.h">
      <Filter>Header Files\Objects</Filter>
    </ClInclude>
    <ClInclude Include="Control\DaCtlPropertySheet.h">
      <Filter>Header Files\Objects</Filter>
    </ClInclude>
    <ClInclude Include="Control\DaCtlRequest.h">
      <Filter>Header Files\Objects</Filter>
    </ClInclude>
    <ClInclude Include="Control\DaCtlSettings.h">
      <Filter>Header Files\Objects</Filter>
    </ClInclude>
    <ClInclude Include="Control\DaCtlSpeechInput.h">
      <Filter>Header Files\Objects</Filter>
    </ClInclude>
    <ClInclude Include="Control\DaCtlSREngine.h">
      <Filter>Header Files\Objects</Filter>
    </ClInclude>
    <ClInclude Include="Control\DaCtlSREngines.h">
      <Filter>Header Files\Objects</Filter>
    </ClInclude>
    <ClInclude Include="Control\DaCtlTTSEngine.h">
      <Filter>Header Files\Objects</Filter>
    </ClInclude>
    <ClInclude Include="Control\DaCtlTTSEngines.h">
      <Filter>Header Files\Objects</Filter>
    </ClInclude>
    <ClInclude Include="Common\DaCmnAnimationNames.h">
      <Filter>Header Files\Common</Filter>
    </ClInclude>
    <ClInclude Include="Common\DaCmnUserInput.h">
      <Filter>Header Files\Common</Filter>
    </ClInclude>
    <ClInclude Include="Common\DaCmnBalloon.h">
      <Filter>Header Files\Common</Filter>
    </ClInclude>
    <ClInclude Include="Common\DaCmnCharacter.h">
      <Filter>Header Files\Common</Filter>
    </ClInclude>
    <ClInclude Include="Common\DaCmnCharacterFiles.h">
      <Filter>Header Files\Common</Filter>
    </ClInclude>
    <ClInclude Include="Common\DaCmnCommand.h">
      <Filter>Header Files\Common</Filter>
    </ClInclude>
    <ClInclude Include="Common\DaCmnCommands.h">
      <Filter>Header Files\Common</Filter>
    </ClInclude>
    <ClInclude Include="Common\DaCmnCommandsWindow.h">
      <Filter>Header Files\Common</Filter>
    </ClInclude>
    <ClInclude Include="Common\DaCmnFormattedText.h">
      <Filter>Header Files\Common</Filter>
    </ClInclude>
    <ClInclude Include="Common\DaCmnPropertySheet.h">
      <Filter>Header Files\Common</Filter>
    </ClInclude>
    <ClInclude Include="Common\DaCmnSettings.h">
      <Filter>Header Files\Common</Filter>
    </ClInclude>
    <ClInclude Include="Common\DaCmnSREngine.h">
      <Filter>Header Files\Common</Filter>
    </ClInclude>
    <ClInclude Include="Common\DaCmnSREngines.h">
      <Filter>Header Files\Common</Filter>
    </ClInclude>
    <ClInclude Include="Common\DaCmnTTSEngine.h">
      <Filter>Header Files\Common</Filter>
    </ClInclude>
    <ClInclude Include="Common\DaCmnTTSEngines.h">
      <Filter>Header Files\Common</Filter>
    </ClInclude>
    <ClInclude Include="Common\CorEnumVariant.h">
      <Filter>Header Files\Common</Filter>
    </ClInclude>
    <ClInclude Include="Common\ListeningState.h">
      <Filter>Header Files\Common</Filter>
    </ClInclude>
    <ClInclude Include="Common\EventNotify.h">
      <Filter>Header Files\Common</Filter>
    </ClInclude>
    <ClInclude Include="Common\AgentFileCache.h">
      <Filter>Header Files\Common</Filter>
    </ClInclude>
    <ClInclude Include="Common\AgentAnchor.h">
      <Filter>Header Files\Common</Filter>
    </ClInclude>
    <ClInclude Include="Core\DaCoreAnchor.h">
      <Filter>Header Files\Core</Filter>
    </ClInclude>
    <ClInclude Include="Common\DaCmnTTSPrivate.h">
      <Filter>Header Files\Common</Filter>
    </ClInclude>
  </ItemGroup>
  <ItemGroup>
    <ResourceCompile Include="Control\DaControlOCX.rc">
      <Filter>Resource Files</Filter>
    </ResourceCompile>
  </ItemGroup>
</Project>