<?xml version="1.0" encoding="utf-8"?>
<Project ToolsVersion="4.0" xmlns="http://schemas.microsoft.com/developer/msbuild/2003">
  <ItemGroup>
    <Filter Include="Source Files">
      <UniqueIdentifier>{CC707920-0F98-4b4c-9B90-ADB9C8CDBF9B}</UniqueIdentifier>
      <Extensions>cpp;c;cc;cxx;def;odl;idl;hpj;bat;asm;asmx</Extensions>
    </Filter>
    <Filter Include="Header Files">
      <UniqueIdentifier>{392D3571-894B-4554-BD02-138941E24648}</UniqueIdentifier>
      <Extensions>h;hpp;hxx;hm;inl;inc;xsd</Extensions>
    </Filter>
    <Filter Include="Resource Files">
      <UniqueIdentifier>{CD9C4748-021E-4bcd-A66C-DBE694F41281}</UniqueIdentifier>
      <Extensions>rc;ico;cur;bmp;dlg;rc2;rct;bin;rgs;gif;jpg;jpeg;jpe;resx;tiff;tif;png;wav</Extensions>
    </Filter>
  </ItemGroup>
  <ItemGroup>
    <ClCompile Include="Server\DaHandler.cpp">
      <Filter>Source Files</Filter>
    </ClCompile>
    <ClCompile Include="Server\DaServerHandler.cpp">
      <Filter>Source Files</Filter>
    </ClCompile>
    <ClCompile Include="Util\Atl\StdAfx.cpp">
      <Filter>Source Files</Filter>
    </ClCompile>
  </ItemGroup>
  <ItemGroup>
    <None Include="Server\DaHandler.def">
      <Filter>Source Files</Filter>
    </None>
    <None Include="Resources\DaHandler.rc2">
      <Filter>Resource Files</Filter>
    </None>
    <None Include="Server\DaHandler.rgs">
      <Filter>Resource Files</Filter>
    </None>
    <None Include="Server\GPLicenseHeader.txt" />
  </ItemGroup>
  <ItemGroup>
    <ClInclude Include="Include\DaGuid.h">
      <Filter>Header Files</Filter>
    </ClInclude>
    <ClInclude Include="Server\DaHandler.h">
      <Filter>Header Files</Filter>
    </ClInclude>
    <ClInclude Include="Server\DaServerHandler.h">
      <Filter>Header Files</Filter>
    </ClInclude>
    <ClInclude Include="Include\DaVersion.h">
      <Filter>Header Files</Filter>
    </ClInclude>
    <ClInclude Include="Util\Atl\StdAfx.h">
      <Filter>Header Files</Filter>
    </ClInclude>
  </ItemGroup>
  <ItemGroup>
    <ResourceCompile Include="Server\DaHandler.rc">
      <Filter>Resource Files</Filter>
    </ResourceCompile>
  </ItemGroup>
</Project>