<?xml version="1.0" encoding="utf-8"?>
<Project ToolsVersion="4.0" xmlns="http://schemas.microsoft.com/developer/msbuild/2003">
  <ItemGroup>
    <Filter Include="Source Files">
      <UniqueIdentifier>{24882F11-1E70-4996-9B41-F375D19B129C}</UniqueIdentifier>
      <Extensions>cpp;c;cc;cxx;def;odl;idl;hpj;bat;asm;asmx</Extensions>
    </Filter>
    <Filter Include="Header Files">
      <UniqueIdentifier>{1528D8B7-5A33-425b-ADD1-182984B9B9FA}</UniqueIdentifier>
      <Extensions>h;hpp;hxx;hm;inl;inc;xsd</Extensions>
    </Filter>
    <Filter Include="Resource Files">
      <UniqueIdentifier>{A2A47DD4-7FAF-4928-BCA7-245C15D7C6F2}</UniqueIdentifier>
      <Extensions>rc;ico;cur;bmp;dlg;rc2;rct;bin;rgs;gif;jpg;jpeg;jpe;resx;tiff;tif;png;wav</Extensions>
    </Filter>
  </ItemGroup>
  <ItemGroup>
    <ClCompile Include="Shell\DaCharacterProps.cpp">
      <Filter>Source Files</Filter>
    </ClCompile>
    <ClCompile Include="Core\DaLocalizeMui.cpp">
      <Filter>Source Files</Filter>
    </ClCompile>
    <ClCompile Include="Shell\DaShell.cpp">
      <Filter>Source Files</Filter>
    </ClCompile>
    <ClCompile Include="Shell\PropPageLogging.cpp">
      <Filter>Source Files</Filter>
    </ClCompile>
    <ClCompile Include="Shell\PropPageRegistry.cpp">
      <Filter>Source Files</Filter>
    </ClCompile>
    <ClCompile Include="Shell\PropSheetCpl.cpp">
      <Filter>Source Files</Filter>
    </ClCompile>
    <ClCompile Include="Util\Atl\StdAfx.cpp">
      <Filter>Source Files</Filter>
    </ClCompile>
    <ClCompile Include="Util\ThemedModule.cpp">
      <Filter>Source Files</Filter>
    </ClCompile>
  </ItemGroup>
  <ItemGroup>
    <None Include="Shell\DaShell.def">
      <Filter>Source Files</Filter>
    </None>
    <None Include="Shell\CplTasks.xml">
      <Filter>Resource Files</Filter>
    </None>
    <None Include="Shell\DaCharacterProps.rgs">
      <Filter>Resource Files</Filter>
    </None>
    <None Include="Resources\DaShell.rc2">
      <Filter>Resource Files</Filter>
    </None>
    <None Include="Resources\DoubleAgent.ico">
      <Filter>Resource Files</Filter>
    </None>
    <None Include="Resources\EmulationDetails.htm">
      <Filter>Resource Files</Filter>
    </None>
    <None Include="Shell\GPLicenseHeader.txt" />
  </ItemGroup>
  <ItemGroup>
    <ClInclude Include="Shell\DaCharacterProps.h">
      <Filter>Header Files</Filter>
    </ClInclude>
    <ClInclude Include="Include\DaGuid.h">
      <Filter>Header Files</Filter>
    </ClInclude>
    <ClInclude Include="Shell\DaShell.h">
      <Filter>Header Files</Filter>
    </ClInclude>
    <ClInclude Include="Include\DaVersion.h">
      <Filter>Header Files</Filter>
    </ClInclude>
    <ClInclude Include="Shell\PropPageLogging.h">
      <Filter>Header Files</Filter>
    </ClInclude>
    <ClInclude Include="Shell\PropPageRegistry.h">
      <Filter>Header Files</Filter>
    </ClInclude>
    <ClInclude Include="Shell\PropSheetCpl.h">
      <Filter>Header Files</Filter>
    </ClInclude>
    <ClInclude Include="Util\Atl\StdAfx.h">
      <Filter>Header Files</Filter>
    </ClInclude>
    <ClInclude Include="Shell\DaShellRes.h">
      <Filter>Resource Files</Filter>
    </ClInclude>
  </ItemGroup>
  <ItemGroup>
    <ResourceCompile Include="Shell\DaShell.rc">
      <Filter>Resource Files</Filter>
    </ResourceCompile>
  </ItemGroup>
</Project>