<?xml version="1.0" encoding="utf-8"?>
<Project ToolsVersion="4.0" xmlns="http://schemas.microsoft.com/developer/msbuild/2003">
  <ItemGroup>
    <Filter Include="Source Files">
      <UniqueIdentifier>{8A8EAAEB-C43F-40cb-A8B7-DB0BC96A5C84}</UniqueIdentifier>
      <Extensions>cpp;c;cc;cxx;def;odl;idl;hpj;bat;asm;asmx</Extensions>
    </Filter>
    <Filter Include="Header Files">
      <UniqueIdentifier>{D02332F7-C854-45c3-9EE5-915ABAEB16B3}</UniqueIdentifier>
      <Extensions>h;hpp;hxx;hm;inl;inc;xsd</Extensions>
    </Filter>
  </ItemGroup>
  <ItemGroup>
    <ClCompile Include="Util\Mfc\BitmapAlpha.cpp">
      <Filter>Source Files</Filter>
    </ClCompile>
    <ClCompile Include="Util\Mfc\BitmapBuffer.cpp">
      <Filter>Source Files</Filter>
    </ClCompile>
    <ClCompile Include="Util\Mfc\BitmapDebugger.cpp">
      <Filter>Source Files</Filter>
    </ClCompile>
    <ClCompile Include="Util\Mfc\BitmapTools.cpp">
      <Filter>Source Files</Filter>
    </ClCompile>
    <ClCompile Include="Util\Mfc\Clipboard.cpp">
      <Filter>Source Files</Filter>
    </ClCompile>
    <ClCompile Include="Util\Mfc\CmdLineInfoEx.cpp">
      <Filter>Source Files</Filter>
    </ClCompile>
    <ClCompile Include="Util\Color.cpp">
      <Filter>Source Files</Filter>
    </ClCompile>
    <ClCompile Include="Util\DebugProcess.cpp">
      <Filter>Source Files</Filter>
    </ClCompile>
    <ClCompile Include="Util\Mfc\EnumVariant.cpp">
      <Filter>Source Files</Filter>
    </ClCompile>
    <ClCompile Include="Util\ErrorInfo.cpp">
      <Filter>Source Files</Filter>
    </ClCompile>
    <ClCompile Include="Util\FileVersion.cpp">
      <Filter>Source Files</Filter>
    </ClCompile>
    <ClCompile Include="Util\FileVersionEx.cpp">
      <Filter>Source Files</Filter>
    </ClCompile>
    <ClCompile Include="Util\Mfc\FormLayout.cpp">
      <Filter>Source Files</Filter>
    </ClCompile>
    <ClCompile Include="Util\GuidStr.cpp">
      <Filter>Source Files</Filter>
    </ClCompile>
    <ClCompile Include="Util\InstanceGate.cpp">
      <Filter>Source Files</Filter>
    </ClCompile>
    <ClCompile Include="Util\Localize.cpp">
      <Filter>Source Files</Filter>
    </ClCompile>
    <ClCompile Include="Util\LocalizeEx.cpp">
      <Filter>Source Files</Filter>
    </ClCompile>
    <ClCompile Include="Util\LocalizeMui.cpp">
      <Filter>Source Files</Filter>
    </ClCompile>
    <ClCompile Include="Util\LocalizeRes.cpp">
      <Filter>Source Files</Filter>
    </ClCompile>
    <ClCompile Include="Util\LocalizeStub.cpp">
      <Filter>Source Files</Filter>
    </ClCompile>
    <ClCompile Include="Util\Mfc\OleMessageFilterEx.cpp">
      <Filter>Source Files</Filter>
    </ClCompile>
    <ClCompile Include="Util\Mfc\OleObjectBase.cpp">
      <Filter>Source Files</Filter>
    </ClCompile>
    <ClCompile Include="Util\OleObjectFactoryExEx.cpp">
      <Filter>Source Files</Filter>
    </ClCompile>
    <ClCompile Include="Util\Mfc\PropPageFix.cpp">
      <Filter>Source Files</Filter>
    </ClCompile>
    <ClCompile Include="Util\Registry.cpp">
      <Filter>Source Files</Filter>
    </ClCompile>
    <ClCompile Include="Util\RegistrySearch.cpp">
      <Filter>Source Files</Filter>
    </ClCompile>
    <ClCompile Include="Util\ResName.cpp">
      <Filter>Source Files</Filter>
    </ClCompile>
    <ClCompile Include="Util\SecurityDesc.cpp">
      <Filter>Source Files</Filter>
    </ClCompile>
    <ClCompile Include="Util\Mfc\StdAfx.cpp">
      <Filter>Source Files</Filter>
    </ClCompile>
    <ClCompile Include="Util\StringArrayEx.cpp">
      <Filter>Source Files</Filter>
    </ClCompile>
    <ClCompile Include="Util\TextSize.cpp">
      <Filter>Source Files</Filter>
    </ClCompile>
    <ClCompile Include="Util\TextWrap.cpp">
      <Filter>Source Files</Filter>
    </ClCompile>
    <ClCompile Include="Util\ThreadSecurity.cpp">
      <Filter>Source Files</Filter>
    </ClCompile>
    <ClCompile Include="Util\TimerNotify.cpp">
      <Filter>Source Files</Filter>
    </ClCompile>
    <ClCompile Include="Util\Mfc\UiState.cpp">
      <Filter>Source Files</Filter>
    </ClCompile>
    <ClCompile Include="Util\UserSecurity.cpp">
      <Filter>Source Files</Filter>
    </ClCompile>
  </ItemGroup>
  <ItemGroup>
    <ClInclude Include="Util\Mfc\AfxTemplEx.h">
      <Filter>Header Files</Filter>
    </ClInclude>
    <ClInclude Include="Util\Mfc\AfxTemplFixed.h">
      <Filter>Header Files</Filter>
    </ClInclude>
    <ClInclude Include="Util\Mfc\BitmapAlpha.h">
      <Filter>Header Files</Filter>
    </ClInclude>
    <ClInclude Include="Util\Mfc\BitmapBuffer.h">
      <Filter>Header Files</Filter>
    </ClInclude>
    <ClInclude Include="Util\Mfc\BitmapDebugger.h">
      <Filter>Header Files</Filter>
    </ClInclude>
    <ClInclude Include="Util\Mfc\BitmapTools.h">
      <Filter>Header Files</Filter>
    </ClInclude>
    <ClInclude Include="Util\Mfc\Clipboard.h">
      <Filter>Header Files</Filter>
    </ClInclude>
    <ClInclude Include="Util\Mfc\CmdLineInfoEx.h">
      <Filter>Header Files</Filter>
    </ClInclude>
    <ClInclude Include="Util\Color.h">
      <Filter>Header Files</Filter>
    </ClInclude>
    <ClInclude Include="Util\DebugProcess.h">
      <Filter>Header Files</Filter>
    </ClInclude>
    <ClInclude Include="Util\DebugStr.h">
      <Filter>Header Files</Filter>
    </ClInclude>
    <ClInclude Include="Util\DebugTime.h">
      <Filter>Header Files</Filter>
    </ClInclude>
    <ClInclude Include="Util\Elapsed.h">
      <Filter>Header Files</Filter>
    </ClInclude>
    <ClInclude Include="Util\Mfc\EnumVariant.h">
      <Filter>Header Files</Filter>
    </ClInclude>
    <ClInclude Include="Util\ErrorInfo.h">
      <Filter>Header Files</Filter>
    </ClInclude>
    <ClInclude Include="Util\ExceptionMacros.h">
      <Filter>Header Files</Filter>
    </ClInclude>
    <ClInclude Include="Util\FileVersion.h">
      <Filter>Header Files</Filter>
    </ClInclude>
    <ClInclude Include="Util\FileVersionEx.h">
      <Filter>Header Files</Filter>
    </ClInclude>
    <ClInclude Include="Util\Mfc\FormLayout.h">
      <Filter>Header Files</Filter>
    </ClInclude>
    <ClInclude Include="Util\GuidStr.h">
      <Filter>Header Files</Filter>
    </ClInclude>
    <ClInclude Include="Util\HandleTemplates.h">
      <Filter>Header Files</Filter>
    </ClInclude>
    <ClInclude Include="Util\HelperTemplates.h">
      <Filter>Header Files</Filter>
    </ClInclude>
    <ClInclude Include="Util\InstanceGate.h">
      <Filter>Header Files</Filter>
    </ClInclude>
    <ClInclude Include="Util\Mfc\InterfaceMap.h">
      <Filter>Header Files</Filter>
    </ClInclude>
    <ClInclude Include="Util\ItemIdList.h">
      <Filter>Header Files</Filter>
    </ClInclude>
    <ClInclude Include="Util\Localize.h">
      <Filter>Header Files</Filter>
    </ClInclude>
    <ClInclude Include="Util\LocalizeEx.h">
      <Filter>Header Files</Filter>
    </ClInclude>
    <ClInclude Include="Util\Log.h">
      <Filter>Header Files</Filter>
    </ClInclude>
    <ClInclude Include="Util\MallocPtr.h">
      <Filter>Header Files</Filter>
    </ClInclude>
    <ClInclude Include="Util\MapStruct.h">
      <Filter>Header Files</Filter>
    </ClInclude>
    <ClInclude Include="Util\Mfc\NotifyLock.h">
      <Filter>Header Files</Filter>
    </ClInclude>
    <ClInclude Include="Util\Mfc\OleMessageFilterEx.h">
      <Filter>Header Files</Filter>
    </ClInclude>
    <ClInclude Include="Util\Mfc\OleObjectBase.h">
      <Filter>Header Files</Filter>
    </ClInclude>
    <ClInclude Include="Util\OleObjectFactoryExEx.h">
      <Filter>Header Files</Filter>
    </ClInclude>
    <ClInclude Include="Util\OsVer.h">
      <Filter>Header Files</Filter>
    </ClInclude>
    <ClInclude Include="Util\Mfc\PropPageFix.h">
      <Filter>Header Files</Filter>
    </ClInclude>
    <ClInclude Include="Util\Registry.h">
      <Filter>Header Files</Filter>
    </ClInclude>
    <ClInclude Include="Util\RegistrySearch.h">
      <Filter>Header Files</Filter>
    </ClInclude>
    <ClInclude Include="Util\ResName.h">
      <Filter>Header Files</Filter>
    </ClInclude>
    <ClInclude Include="Util\SecurityDesc.h">
      <Filter>Header Files</Filter>
    </ClInclude>
    <ClInclude Include="Util\Mfc\StdAfx.h">
      <Filter>Header Files</Filter>
    </ClInclude>
    <ClInclude Include="Util\StringArrayEx.h">
      <Filter>Header Files</Filter>
    </ClInclude>
    <ClInclude Include="Util\StringMap.h">
      <Filter>Header Files</Filter>
    </ClInclude>
    <ClInclude Include="Util\TextSize.h">
      <Filter>Header Files</Filter>
    </ClInclude>
    <ClInclude Include="Util\TextWrap.h">
      <Filter>Header Files</Filter>
    </ClInclude>
    <ClInclude Include="Util\ThreadSecurity.h">
      <Filter>Header Files</Filter>
    </ClInclude>
    <ClInclude Include="Util\TimerNotify.h">
      <Filter>Header Files</Filter>
    </ClInclude>
    <ClInclude Include="Util\Mfc\UiState.h">
      <Filter>Header Files</Filter>
    </ClInclude>
    <ClInclude Include="Util\UseGdiPlus.h">
      <Filter>Header Files</Filter>
    </ClInclude>
    <ClInclude Include="Util\UserSecurity.h">
      <Filter>Header Files</Filter>
    </ClInclude>
  </ItemGroup>
  <ItemGroup>
    <None Include="Util\GPLicenseHeader.txt" />
  </ItemGroup>
  <ItemGroup>
    <CustomBuildStep Include="Util\Mfc\InterfaceMap.inl">
      <Filter>Header Files</Filter>
    </CustomBuildStep>
    <CustomBuildStep Include="Util\Log.inl">
      <Filter>Header Files</Filter>
    </CustomBuildStep>
    <CustomBuildStep Include="Util\LogAccess.inl">
      <Filter>Header Files</Filter>
    </CustomBuildStep>
    <CustomBuildStep Include="Util\LogCrash.inl">
      <Filter>Header Files</Filter>
    </CustomBuildStep>
  </ItemGroup>
</Project>