<?xml version="1.0" encoding="utf-8"?>
<Project ToolsVersion="4.0" xmlns="http://schemas.microsoft.com/developer/msbuild/2003">
  <ItemGroup>
    <Filter Include="Source Files">
      <UniqueIdentifier>{4FC737F1-C7A5-4376-A066-2A32D752A2FF}</UniqueIdentifier>
      <Extensions>cpp;c;cc;cxx;def;odl;idl;hpj;bat;asm;asmx</Extensions>
    </Filter>
    <Filter Include="Header Files">
      <UniqueIdentifier>{93995380-89BD-4b04-88EB-625FBE52EBFB}</UniqueIdentifier>
      <Extensions>h;hpp;hxx;hm;inl;inc;xsd</Extensions>
    </Filter>
    <Filter Include="Binary Files">
      <UniqueIdentifier>{67DA6AB6-F800-4c08-8B7A-83BB121AAD01}</UniqueIdentifier>
    </Filter>
    <Filter Include="Template Files">
      <UniqueIdentifier>{68063771-487a-4de5-8d3c-252be1d20e1e}</UniqueIdentifier>
    </Filter>
  </ItemGroup>
  <ItemGroup>
    <None Include="ApiHelp\Source\DoubleAgent.hhc">
      <Filter>Source Files</Filter>
    </None>
    <None Include="APIHelp\Source\DoubleAgent.Include.xml">
      <Filter>Source Files</Filter>
    </None>
    <None Include="APIHelp\Templates\EventTemplate.htm">
      <Filter>Template Files</Filter>
    </None>
    <None Include="APIHelp\Templates\TypeTemplate.htm">
      <Filter>Template Files</Filter>
    </None>
    <None Include="APIHelp\Templates\FieldTemplate.htm">
      <Filter>Template Files</Filter>
    </None>
    <None Include="APIHelp\Templates\MethodTemplate.htm">
      <Filter>Template Files</Filter>
    </None>
    <None Include="APIHelp\Templates\PropertyTemplate.htm">
      <Filter>Template Files</Filter>
    </None>
    <None Include="APIHelp\HtmlHelp1\DoubleAgent.hhk">
      <Filter>Source Files</Filter>
    </None>
    <None Include="APIHelp\HtmlHelp1\DoubleAgent.hhc">
      <Filter>Source Files</Filter>
    </None>
    <None Include="ApiHelp\DoubleAgent.hhp">
      <Filter>Source Files</Filter>
    </None>
    <None Include="APIHelp\VS2010 ReadMe.txt">
      <Filter>Source Files</Filter>
    </None>
  </ItemGroup>
  <ItemGroup>
    <ClInclude Include="ApiHelp\Source\DaApiHelp.h">
      <Filter>Header Files</Filter>
    </ClInclude>
  </ItemGroup>
  <ItemGroup>
    <CustomBuild Include="APIHelp\Source\DoubleAgent.AxControl.xml">
      <Filter>Source Files</Filter>
    </CustomBuild>
    <CustomBuild Include="ApiHelp\Source\DoubleAgent.Control.xml">
      <Filter>Source Files</Filter>
    </CustomBuild>
    <CustomBuild Include="ApiHelp\Source\DoubleAgent.Server.xml">
      <Filter>Source Files</Filter>
    </CustomBuild>
    <CustomBuild Include="ApiHelp\MsAgent.chm">
      <Filter>Binary Files</Filter>
    </CustomBuild>
    <CustomBuild Include="APIHelp\HtmlHelp1\Help1x.hhp">
      <Filter>Source Files</Filter>
    </CustomBuild>
  </ItemGroup>
</Project>