<?xml version="1.0" encoding="utf-8"?>
<Project ToolsVersion="4.0" xmlns="http://schemas.microsoft.com/developer/msbuild/2003">
  <ItemGroup>
    <Filter Include="Source Files">
      <UniqueIdentifier>{4FC737F1-C7A5-4376-A066-2A32D752A2FF}</UniqueIdentifier>
      <Extensions>cpp;c;cc;cxx;def;odl;idl;hpj;bat;asm;asmx</Extensions>
    </Filter>
    <Filter Include="Header Files">
      <UniqueIdentifier>{93995380-89BD-4b04-88EB-625FBE52EBFB}</UniqueIdentifier>
      <Extensions>h;hpp;hxx;hm;inl;inc;xsd</Extensions>
    </Filter>
    <Filter Include="Resource Files">
      <UniqueIdentifier>{67DA6AB6-F800-4c08-8B7A-83BB121AAD01}</UniqueIdentifier>
      <Extensions>rc;ico;cur;bmp;dlg;rc2;rct;bin;rgs;gif;jpg;jpeg;jpe;resx;tiff;tif;png;wav</Extensions>
    </Filter>
    <Filter Include="Source Files %28Native%29">
      <UniqueIdentifier>{8298882a-f51c-4e33-85eb-61d794397a38}</UniqueIdentifier>
    </Filter>
  </ItemGroup>
  <ItemGroup>
    <ClCompile Include="Core\AgentFile.cpp">
      <Filter>Source Files</Filter>
    </ClCompile>
    <ClCompile Include="Core\AgentFileAcs.cpp">
      <Filter>Source Files</Filter>
    </ClCompile>
    <ClCompile Include="Core\AgentFileBinary.cpp">
      <Filter>Source Files</Filter>
    </ClCompile>
    <ClCompile Include="Core\AgentFileParts.cpp">
      <Filter>Source Files</Filter>
    </ClCompile>
    <ClCompile Include="Core\AgentFileScript.cpp">
      <Filter>Source Files</Filter>
    </ClCompile>
    <ClCompile Include="Managed\CharFileCLR.cpp">
      <Filter>Source Files</Filter>
    </ClCompile>
    <ClCompile Include="Core\Sapi4Voices.cpp">
      <Filter>Source Files</Filter>
    </ClCompile>
    <ClCompile Include="Managed\ScriptStream.cpp">
      <Filter>Source Files</Filter>
    </ClCompile>
    <ClCompile Include="Managed\StdAfx.cpp">
      <Filter>Source Files</Filter>
    </ClCompile>
    <ClCompile Include="Managed\Win32Native.cpp">
      <Filter>Source Files</Filter>
    </ClCompile>
    <ClCompile Include="Managed\BalloonPreview.cpp">
      <Filter>Source Files</Filter>
    </ClCompile>
    <ClCompile Include="Core\AgentTextParse.cpp">
      <Filter>Source Files %28Native%29</Filter>
    </ClCompile>
    <ClCompile Include="Core\AgentBalloonShape.cpp">
      <Filter>Source Files %28Native%29</Filter>
    </ClCompile>
    <ClCompile Include="Core\AgentText.cpp">
      <Filter>Source Files %28Native%29</Filter>
    </ClCompile>
    <ClCompile Include="Util\TextWrap.cpp">
      <Filter>Source Files %28Native%29</Filter>
    </ClCompile>
    <ClCompile Include="Util\TextSize.cpp">
      <Filter>Source Files %28Native%29</Filter>
    </ClCompile>
    <ClCompile Include="Util\StringArrayEx.cpp">
      <Filter>Source Files %28Native%29</Filter>
    </ClCompile>
    <ClCompile Include="Util\Atl\ImageAlpha.cpp">
      <Filter>Source Files %28Native%29</Filter>
    </ClCompile>
    <ClCompile Include="Util\Atl\ImageTools.cpp">
      <Filter>Source Files %28Native%29</Filter>
    </ClCompile>
    <ClCompile Include="Util\Color.cpp">
      <Filter>Source Files %28Native%29</Filter>
    </ClCompile>
  </ItemGroup>
  <ItemGroup>
    <ClInclude Include="Core\AgentFile.h">
      <Filter>Header Files</Filter>
    </ClInclude>
    <ClInclude Include="Core\AgentFileAcs.h">
      <Filter>Header Files</Filter>
    </ClInclude>
    <ClInclude Include="Core\AgentFileBinary.h">
      <Filter>Header Files</Filter>
    </ClInclude>
    <ClInclude Include="Core\AgentFileParts.h">
      <Filter>Header Files</Filter>
    </ClInclude>
    <ClInclude Include="Core\AgentFileScript.h">
      <Filter>Header Files</Filter>
    </ClInclude>
    <ClInclude Include="Include\DaVersion.h">
      <Filter>Header Files</Filter>
    </ClInclude>
    <ClInclude Include="Core\Sapi4Voices.h">
      <Filter>Header Files</Filter>
    </ClInclude>
    <ClInclude Include="Managed\ScriptStream.h">
      <Filter>Header Files</Filter>
    </ClInclude>
    <ClInclude Include="Managed\StdAfx.h">
      <Filter>Header Files</Filter>
    </ClInclude>
    <ClInclude Include="Managed\Win32Native.h">
      <Filter>Header Files</Filter>
    </ClInclude>
    <ClInclude Include="Managed\CharFileRes.h">
      <Filter>Resource Files</Filter>
    </ClInclude>
    <ClInclude Include="Managed\BalloonPreview.h">
      <Filter>Header Files</Filter>
    </ClInclude>
  </ItemGroup>
  <ItemGroup>
    <None Include="Core\AgentFileDefs.inl">
      <Filter>Header Files</Filter>
    </None>
  </ItemGroup>
  <ItemGroup>
    <ResourceCompile Include="Managed\CharFileCLR.rc">
      <Filter>Resource Files</Filter>
    </ResourceCompile>
  </ItemGroup>
</Project>