<?xml version="1.0" encoding="utf-8"?>
<Project ToolsVersion="4.0" xmlns="http://schemas.microsoft.com/developer/msbuild/2003">
  <ItemGroup>
    <Filter Include="Source Files">
      <UniqueIdentifier>{83635B21-86E8-4016-BDB3-510BAF426414}</UniqueIdentifier>
      <Extensions>cpp;c;cc;cxx;def;odl;idl;hpj;bat;asm;asmx</Extensions>
    </Filter>
    <Filter Include="Header Files">
      <UniqueIdentifier>{8FC5BA0E-E801-46e4-966B-D26DD9A75327}</UniqueIdentifier>
      <Extensions>h;hpp;hxx;hm;inl;inc;xsd</Extensions>
    </Filter>
    <Filter Include="Resource Files">
      <UniqueIdentifier>{F089859E-20D6-4a7d-9624-EF07CFA35FF1}</UniqueIdentifier>
      <Extensions>rc;ico;cur;bmp;dlg;rc2;rct;bin;rgs;gif;jpg;jpeg;jpe;resx;tiff;tif;png;wav</Extensions>
    </Filter>
    <Filter Include="Generated Files">
      <UniqueIdentifier>{34a064af-7c70-411e-8667-fc877f5665e7}</UniqueIdentifier>
    </Filter>
  </ItemGroup>
  <ItemGroup>
    <ClCompile Include="Core\AgentBalloonOptions.cpp">
      <Filter>Source Files</Filter>
    </ClCompile>
    <ClCompile Include="Core\AgentBalloonShape.cpp">
      <Filter>Source Files</Filter>
    </ClCompile>
    <ClCompile Include="Core\AgentBalloonWnd.cpp">
      <Filter>Source Files</Filter>
    </ClCompile>
    <ClCompile Include="Core\AgentCharacterWnd.cpp">
      <Filter>Source Files</Filter>
    </ClCompile>
    <ClCompile Include="Core\AgentFile.cpp">
      <Filter>Source Files</Filter>
    </ClCompile>
    <ClCompile Include="Core\AgentFileAcf.cpp">
      <Filter>Source Files</Filter>
    </ClCompile>
    <ClCompile Include="Core\AgentFileAcs.cpp">
      <Filter>Source Files</Filter>
    </ClCompile>
    <ClCompile Include="Core\AgentFileBinary.cpp">
      <Filter>Source Files</Filter>
    </ClCompile>
    <ClCompile Include="Common\AgentFileCache.cpp">
      <Filter>Source Files</Filter>
    </ClCompile>
    <ClCompile Include="Core\AgentFileParts.cpp">
      <Filter>Source Files</Filter>
    </ClCompile>
    <ClCompile Include="Core\AgentFiles.cpp">
      <Filter>Source Files</Filter>
    </ClCompile>
    <ClCompile Include="Core\AgentIconMaker.cpp">
      <Filter>Source Files</Filter>
    </ClCompile>
    <ClCompile Include="Core\AgentListeningWnd.cpp">
      <Filter>Source Files</Filter>
    </ClCompile>
    <ClCompile Include="Core\AgentNotifyIcon.cpp">
      <Filter>Source Files</Filter>
    </ClCompile>
    <ClCompile Include="Core\AgentPopupWnd.cpp">
      <Filter>Source Files</Filter>
    </ClCompile>
    <ClCompile Include="Core\AgentPreviewWnd.cpp">
      <Filter>Source Files</Filter>
    </ClCompile>
    <ClCompile Include="Core\AgentStreamInfo.cpp">
      <Filter>Source Files</Filter>
    </ClCompile>
    <ClCompile Include="Core\AgentStreamUtils.cpp">
      <Filter>Source Files</Filter>
    </ClCompile>
    <ClCompile Include="Core\AgentText.cpp">
      <Filter>Source Files</Filter>
    </ClCompile>
    <ClCompile Include="Common\AgentTextObject.cpp">
      <Filter>Source Files</Filter>
    </ClCompile>
    <ClCompile Include="Core\AgentWnd.cpp">
      <Filter>Source Files</Filter>
    </ClCompile>
    <ClCompile Include="Core\DaCore.cpp">
      <Filter>Source Files</Filter>
    </ClCompile>
    <ClCompile Include="Core\DaGlobalConfig.cpp">
      <Filter>Source Files</Filter>
    </ClCompile>
    <ClCompile Include="Core\DaLocalizeMui.cpp">
      <Filter>Source Files</Filter>
    </ClCompile>
    <ClCompile Include="Core\DirectShowClock.cpp">
      <Filter>Source Files</Filter>
    </ClCompile>
    <ClCompile Include="Core\DirectShowEnums.cpp">
      <Filter>Source Files</Filter>
    </ClCompile>
    <ClCompile Include="Core\DirectShowFilter.cpp">
      <Filter>Source Files</Filter>
    </ClCompile>
    <ClCompile Include="Core\DirectShowPins.cpp">
      <Filter>Source Files</Filter>
    </ClCompile>
    <ClCompile Include="Core\DirectShowRender.cpp">
      <Filter>Source Files</Filter>
    </ClCompile>
    <ClCompile Include="Core\DirectShowSeeking.cpp">
      <Filter>Source Files</Filter>
    </ClCompile>
    <ClCompile Include="Core\DirectShowSource.cpp">
      <Filter>Source Files</Filter>
    </ClCompile>
    <ClCompile Include="Core\DirectShowTrace.cpp">
      <Filter>Source Files</Filter>
    </ClCompile>
    <ClCompile Include="Core\DirectShowUtils.cpp">
      <Filter>Source Files</Filter>
    </ClCompile>
    <ClCompile Include="Core\DirectShowWnd.cpp">
      <Filter>Source Files</Filter>
    </ClCompile>
    <ClCompile Include="Core\DirectSoundConvert.cpp">
      <Filter>Source Files</Filter>
    </ClCompile>
    <ClCompile Include="Core\DirectSoundLipSync.cpp">
      <Filter>Source Files</Filter>
    </ClCompile>
    <ClCompile Include="Core\DirectSoundPinPush.cpp">
      <Filter>Source Files</Filter>
    </ClCompile>
    <ClCompile Include="Core\FileDownload.cpp">
      <Filter>Source Files</Filter>
    </ClCompile>
    <ClCompile Include="Core\MmSysError.cpp">
      <Filter>Source Files</Filter>
    </ClCompile>
    <ClCompile Include="Core\NotifyObjects.cpp">
      <Filter>Source Files</Filter>
    </ClCompile>
    <ClCompile Include="Core\PropPageCharacter.cpp">
      <Filter>Source Files</Filter>
    </ClCompile>
    <ClCompile Include="Core\PropPageCharSel.cpp">
      <Filter>Source Files</Filter>
    </ClCompile>
    <ClCompile Include="Core\PropPageCopyright.cpp">
      <Filter>Source Files</Filter>
    </ClCompile>
    <ClCompile Include="Core\PropPageOutput.cpp">
      <Filter>Source Files</Filter>
    </ClCompile>
    <ClCompile Include="Core\PropPageSpeech.cpp">
      <Filter>Source Files</Filter>
    </ClCompile>
    <ClCompile Include="Core\QueuedAction.cpp">
      <Filter>Source Files</Filter>
    </ClCompile>
    <ClCompile Include="Core\QueuedActions.cpp">
      <Filter>Source Files</Filter>
    </ClCompile>
    <ClCompile Include="Core\QueuedPrepare.cpp">
      <Filter>Source Files</Filter>
    </ClCompile>
    <ClCompile Include="Core\QueuedSpeech.cpp">
      <Filter>Source Files</Filter>
    </ClCompile>
    <ClCompile Include="Core\Sapi4Err.cpp">
      <Filter>Source Files</Filter>
    </ClCompile>
    <ClCompile Include="Core\Sapi4Voice.cpp">
      <Filter>Source Files</Filter>
    </ClCompile>
    <ClCompile Include="Core\Sapi4Voices.cpp">
      <Filter>Source Files</Filter>
    </ClCompile>
    <ClCompile Include="Core\Sapi5Err.cpp">
      <Filter>Source Files</Filter>
    </ClCompile>
    <ClCompile Include="Core\Sapi5Input.cpp">
      <Filter>Source Files</Filter>
    </ClCompile>
    <ClCompile Include="Core\Sapi5Inputs.cpp">
      <Filter>Source Files</Filter>
    </ClCompile>
    <ClCompile Include="Core\Sapi5Voice.cpp">
      <Filter>Source Files</Filter>
    </ClCompile>
    <ClCompile Include="Core\Sapi5Voices.cpp">
      <Filter>Source Files</Filter>
    </ClCompile>
    <ClCompile Include="Core\SapiInputCache.cpp">
      <Filter>Source Files</Filter>
    </ClCompile>
    <ClCompile Include="Core\SapiLanguageMatch.cpp">
      <Filter>Source Files</Filter>
    </ClCompile>
    <ClCompile Include="Core\SapiVoice.cpp">
      <Filter>Source Files</Filter>
    </ClCompile>
    <ClCompile Include="Core\SapiVoiceCache.cpp">
      <Filter>Source Files</Filter>
    </ClCompile>
    <ClCompile Include="Util\Atl\StdAfx.cpp">
      <Filter>Source Files</Filter>
    </ClCompile>
    <ClCompile Include="Core\VfwError.cpp">
      <Filter>Source Files</Filter>
    </ClCompile>
    <ClCompile Include="Core\VoiceCommandsWnd.cpp">
      <Filter>Source Files</Filter>
    </ClCompile>
    <ClCompile Include="Include\DaCore_i.c">
      <Filter>Generated Files</Filter>
    </ClCompile>
    <ClCompile Include="Core\AgentTextParse.cpp">
      <Filter>Source Files</Filter>
    </ClCompile>
  </ItemGroup>
  <ItemGroup>
    <None Include="Core\DaCore.def">
      <Filter>Source Files</Filter>
    </None>
    <None Include="Core\AgentFileDefs.inl">
      <Filter>Header Files</Filter>
    </None>
    <None Include="Core\AgentPreviewWnd.rgs">
      <Filter>Resource Files</Filter>
    </None>
    <None Include="Resources\DaCore.rc2">
      <Filter>Resource Files</Filter>
    </None>
    <None Include="Resources\DaError.rc2">
      <Filter>Resource Files</Filter>
    </None>
    <None Include="Resources\DoubleAgent.ico">
      <Filter>Resource Files</Filter>
    </None>
    <None Include="Resources\Empty.wav">
      <Filter>Resource Files</Filter>
    </None>
    <None Include="License\License.htm">
      <Filter>Resource Files</Filter>
    </None>
    <None Include="License\License.lesser.htm">
      <Filter>Resource Files</Filter>
    </None>
    <None Include="Core\GPLicenseHeader.txt" />
  </ItemGroup>
  <ItemGroup>
    <Midl Include="Core\DaCore.odl">
      <Filter>Source Files</Filter>
    </Midl>
  </ItemGroup>
  <ItemGroup>
    <ClInclude Include="Core\AgentBalloonOptions.h">
      <Filter>Header Files</Filter>
    </ClInclude>
    <ClInclude Include="Core\AgentBalloonShape.h">
      <Filter>Header Files</Filter>
    </ClInclude>
    <ClInclude Include="Core\AgentBalloonWnd.h">
      <Filter>Header Files</Filter>
    </ClInclude>
    <ClInclude Include="Core\AgentCharacterWnd.h">
      <Filter>Header Files</Filter>
    </ClInclude>
    <ClInclude Include="Core\AgentFile.h">
      <Filter>Header Files</Filter>
    </ClInclude>
    <ClInclude Include="Core\AgentFileAcf.h">
      <Filter>Header Files</Filter>
    </ClInclude>
    <ClInclude Include="Core\AgentFileAcs.h">
      <Filter>Header Files</Filter>
    </ClInclude>
    <ClInclude Include="Core\AgentFileBinary.h">
      <Filter>Header Files</Filter>
    </ClInclude>
    <ClInclude Include="Common\AgentFileCache.h">
      <Filter>Header Files</Filter>
    </ClInclude>
    <ClInclude Include="Core\AgentFileParts.h">
      <Filter>Header Files</Filter>
    </ClInclude>
    <ClInclude Include="Core\AgentFiles.h">
      <Filter>Header Files</Filter>
    </ClInclude>
    <ClInclude Include="Core\AgentIconMaker.h">
      <Filter>Header Files</Filter>
    </ClInclude>
    <ClInclude Include="Core\AgentListeningWnd.h">
      <Filter>Header Files</Filter>
    </ClInclude>
    <ClInclude Include="Core\AgentNotifyIcon.h">
      <Filter>Header Files</Filter>
    </ClInclude>
    <ClInclude Include="Core\AgentPopupWnd.h">
      <Filter>Header Files</Filter>
    </ClInclude>
    <ClInclude Include="Core\AgentPreviewWnd.h">
      <Filter>Header Files</Filter>
    </ClInclude>
    <ClInclude Include="Core\AgentStreamInfo.h">
      <Filter>Header Files</Filter>
    </ClInclude>
    <ClInclude Include="Core\AgentStreamUtils.h">
      <Filter>Header Files</Filter>
    </ClInclude>
    <ClInclude Include="Core\AgentText.h">
      <Filter>Header Files</Filter>
    </ClInclude>
    <ClInclude Include="Common\AgentTextObject.h">
      <Filter>Header Files</Filter>
    </ClInclude>
    <ClInclude Include="Core\AgentWnd.h">
      <Filter>Header Files</Filter>
    </ClInclude>
    <ClInclude Include="Core\DaCore.h">
      <Filter>Header Files</Filter>
    </ClInclude>
    <ClInclude Include="Core\DaCoreExp.h">
      <Filter>Header Files</Filter>
    </ClInclude>
    <ClInclude Include="Core\DaError.h">
      <Filter>Header Files</Filter>
    </ClInclude>
    <ClInclude Include="Core\DaGlobalConfig.h">
      <Filter>Header Files</Filter>
    </ClInclude>
    <ClInclude Include="Include\DaGuid.h">
      <Filter>Header Files</Filter>
    </ClInclude>
    <ClInclude Include="Include\DaVersion.h">
      <Filter>Header Files</Filter>
    </ClInclude>
    <ClInclude Include="Core\DirectShowClock.h">
      <Filter>Header Files</Filter>
    </ClInclude>
    <ClInclude Include="Core\DirectShowEnums.h">
      <Filter>Header Files</Filter>
    </ClInclude>
    <ClInclude Include="Core\DirectShowFilter.h">
      <Filter>Header Files</Filter>
    </ClInclude>
    <ClInclude Include="Core\DirectShowPins.h">
      <Filter>Header Files</Filter>
    </ClInclude>
    <ClInclude Include="Core\DirectShowRender.h">
      <Filter>Header Files</Filter>
    </ClInclude>
    <ClInclude Include="Core\DirectShowSeeking.h">
      <Filter>Header Files</Filter>
    </ClInclude>
    <ClInclude Include="Core\DirectShowSource.h">
      <Filter>Header Files</Filter>
    </ClInclude>
    <ClInclude Include="Core\DirectShowTrace.h">
      <Filter>Header Files</Filter>
    </ClInclude>
    <ClInclude Include="Core\DirectShowUtils.h">
      <Filter>Header Files</Filter>
    </ClInclude>
    <ClInclude Include="Core\DirectShowWnd.h">
      <Filter>Header Files</Filter>
    </ClInclude>
    <ClInclude Include="Core\DirectSoundConvert.h">
      <Filter>Header Files</Filter>
    </ClInclude>
    <ClInclude Include="Core\DirectSoundLipSync.h">
      <Filter>Header Files</Filter>
    </ClInclude>
    <ClInclude Include="Core\DirectSoundPinPush.h">
      <Filter>Header Files</Filter>
    </ClInclude>
    <ClInclude Include="Core\FileDownload.h">
      <Filter>Header Files</Filter>
    </ClInclude>
    <ClInclude Include="Core\MmSysError.h">
      <Filter>Header Files</Filter>
    </ClInclude>
    <ClInclude Include="Core\NotifyObjects.h">
      <Filter>Header Files</Filter>
    </ClInclude>
    <ClInclude Include="Core\PropPageCharacter.h">
      <Filter>Header Files</Filter>
    </ClInclude>
    <ClInclude Include="Core\PropPageCharSel.h">
      <Filter>Header Files</Filter>
    </ClInclude>
    <ClInclude Include="Core\PropPageCopyright.h">
      <Filter>Header Files</Filter>
    </ClInclude>
    <ClInclude Include="Core\PropPageOutput.h">
      <Filter>Header Files</Filter>
    </ClInclude>
    <ClInclude Include="Core\PropPageSpeech.h">
      <Filter>Header Files</Filter>
    </ClInclude>
    <ClInclude Include="Core\QueuedAction.h">
      <Filter>Header Files</Filter>
    </ClInclude>
    <ClInclude Include="Core\QueuedActions.h">
      <Filter>Header Files</Filter>
    </ClInclude>
    <ClInclude Include="Core\QueuedPrepare.h">
      <Filter>Header Files</Filter>
    </ClInclude>
    <ClInclude Include="Core\Sapi5Err.h">
      <Filter>Header Files</Filter>
    </ClInclude>
    <ClInclude Include="Core\Sapi5Input.h">
      <Filter>Header Files</Filter>
    </ClInclude>
    <ClInclude Include="Core\Sapi5Inputs.h">
      <Filter>Header Files</Filter>
    </ClInclude>
    <ClInclude Include="Core\Sapi5Voice.h">
      <Filter>Header Files</Filter>
    </ClInclude>
    <ClInclude Include="Core\Sapi5Voices.h">
      <Filter>Header Files</Filter>
    </ClInclude>
    <ClInclude Include="Core\SapiInputCache.h">
      <Filter>Header Files</Filter>
    </ClInclude>
    <ClInclude Include="Core\SapiLanguageMatch.h">
      <Filter>Header Files</Filter>
    </ClInclude>
    <ClInclude Include="Core\SapiVoice.h">
      <Filter>Header Files</Filter>
    </ClInclude>
    <ClInclude Include="Core\SapiVoiceCache.h">
      <Filter>Header Files</Filter>
    </ClInclude>
    <ClInclude Include="Util\Atl\StdAfx.h">
      <Filter>Header Files</Filter>
    </ClInclude>
    <ClInclude Include="Core\VfwErr.h">
      <Filter>Header Files</Filter>
    </ClInclude>
    <ClInclude Include="Core\VoiceCommandsWnd.h">
      <Filter>Header Files</Filter>
    </ClInclude>
    <ClInclude Include="Core\DaCoreRes.h">
      <Filter>Resource Files</Filter>
    </ClInclude>
    <ClInclude Include="Core\DaErrorRes.h">
      <Filter>Resource Files</Filter>
    </ClInclude>
    <ClInclude Include="Include\DaCoreOdl.h">
      <Filter>Generated Files</Filter>
    </ClInclude>
    <ClInclude Include="Core\AgentTextParse.h">
      <Filter>Header Files</Filter>
    </ClInclude>
  </ItemGroup>
  <ItemGroup>
    <ResourceCompile Include="Core\DaCore.rc">
      <Filter>Resource Files</Filter>
    </ResourceCompile>
  </ItemGroup>
  <ItemGroup>
    <CustomBuildStep Include="Core\Sapi4Err.h">
      <Filter>Header Files</Filter>
    </CustomBuildStep>
    <CustomBuildStep Include="Core\Sapi4Voice.h">
      <Filter>Header Files</Filter>
    </CustomBuildStep>
    <CustomBuildStep Include="Core\Sapi4Voices.h">
      <Filter>Header Files</Filter>
    </CustomBuildStep>
  </ItemGroup>
</Project>