
Microsoft Visual Studio Solution File, Format Version 10.00
# Visual C++ Express 2008
Project("{8BC9CEB8-8B4A-11D0-8D11-00A0C91BC942}") = "Server", "DaServer.vcproj", "{0FA66E11-C055-4CAC-A56C-B2E710FEDBE4}"
	ProjectSection(ProjectDependencies) = postProject
		{EED5B34A-BADA-481D-BBFD-F479D1F2264B} = {EED5B34A-BADA-481D-BBFD-F479D1F2264B}
		{D42CA861-D64A-4DC8-9948-B3E83C300BDF} = {D42CA861-D64A-4DC8-9948-B3E83C300BDF}
		{8052FC92-3A66-449E-85EC-626BD6A72782} = {8052FC92-3A66-449E-85EC-626BD6A72782}
	EndProjectSection
EndProject
Project("{8BC9CEB8-8B4A-11D0-8D11-00A0C91BC942}") = "Shell", "DaShell.vcproj", "{7039A654-A0C6-482A-8DA6-75FB3DF4D5DC}"
	ProjectSection(ProjectDependencies) = postProject
		{EED5B34A-BADA-481D-BBFD-F479D1F2264B} = {EED5B34A-BADA-481D-BBFD-F479D1F2264B}
		{D42CA861-D64A-4DC8-9948-B3E83C300BDF} = {D42CA861-D64A-4DC8-9948-B3E83C300BDF}
	EndProjectSection
EndProject
Project("{8BC9CEB8-8B4A-11D0-8D11-00A0C91BC942}") = "Core", "DaCore.vcproj", "{EED5B34A-BADA-481D-BBFD-F479D1F2264B}"
	ProjectSection(ProjectDependencies) = postProject
		{D42CA861-D64A-4DC8-9948-B3E83C300BDF} = {D42CA861-D64A-4DC8-9948-B3E83C300BDF}
	EndProjectSection
EndProject
Project("{8BC9CEB8-8B4A-11D0-8D11-00A0C91BC942}") = "Util", "DaUtil.vcproj", "{D42CA861-D64A-4DC8-9948-B3E83C300BDF}"
EndProject
Project("{8BC9CEB8-8B4A-11D0-8D11-00A0C91BC942}") = "Handler", "DaHandler.vcproj", "{4409AFA8-1863-462E-9567-AC029029628F}"
	ProjectSection(ProjectDependencies) = postProject
		{D42CA861-D64A-4DC8-9948-B3E83C300BDF} = {D42CA861-D64A-4DC8-9948-B3E83C300BDF}
	EndProjectSection
EndProject
Project("{8BC9CEB8-8B4A-11D0-8D11-00A0C91BC942}") = "ControlStub", "MsControl.vcproj", "{1CF81F7F-D3FA-4050-8967-E875FF950726}"
	ProjectSection(ProjectDependencies) = postProject
		{D42CA861-D64A-4DC8-9948-B3E83C300BDF} = {D42CA861-D64A-4DC8-9948-B3E83C300BDF}
	EndProjectSection
EndProject
Project("{8BC9CEB8-8B4A-11D0-8D11-00A0C91BC942}") = "Control", "DaControl.vcproj", "{394447B3-9AD8-49FC-90B0-9F208F649936}"
	ProjectSection(ProjectDependencies) = postProject
		{0FA66E11-C055-4CAC-A56C-B2E710FEDBE4} = {0FA66E11-C055-4CAC-A56C-B2E710FEDBE4}
		{D42CA861-D64A-4DC8-9948-B3E83C300BDF} = {D42CA861-D64A-4DC8-9948-B3E83C300BDF}
		{8052FC92-3A66-449E-85EC-626BD6A72782} = {8052FC92-3A66-449E-85EC-626BD6A72782}
	EndProjectSection
EndProject
Project("{8BC9CEB8-8B4A-11D0-8D11-00A0C91BC942}") = "UtilMfc", "DaUtilMfc.vcproj", "{98CBCD3C-8A86-4F51-B48A-5A0C11492995}"
EndProject
Project("{8BC9CEB8-8B4A-11D0-8D11-00A0C91BC942}") = "TlbToAsm", "Tools\TlbToAsm\TlbToAsm.vcproj", "{8052FC92-3A66-449E-85EC-626BD6A72782}"
EndProject
Project("{8BC9CEB8-8B4A-11D0-8D11-00A0C91BC942}") = "Control.NET", "DaControl.NET.vcproj", "{7993F1A5-F489-4A6B-B0E8-A14A92E80BD1}"
	ProjectSection(ProjectDependencies) = postProject
		{394447B3-9AD8-49FC-90B0-9F208F649936} = {394447B3-9AD8-49FC-90B0-9F208F649936}
	EndProjectSection
EndProject
Global
	GlobalSection(SolutionConfigurationPlatforms) = preSolution
		Debug|Win32 = Debug|Win32
		Debug|x64 = Debug|x64
		Release|Win32 = Release|Win32
		Release|x64 = Release|x64
	EndGlobalSection
	GlobalSection(ProjectConfigurationPlatforms) = postSolution
		{0FA66E11-C055-4CAC-A56C-B2E710FEDBE4}.Debug|Win32.ActiveCfg = Debug|Win32
		{0FA66E11-C055-4CAC-A56C-B2E710FEDBE4}.Debug|Win32.Build.0 = Debug|Win32
		{0FA66E11-C055-4CAC-A56C-B2E710FEDBE4}.Debug|x64.ActiveCfg = Debug|x64
		{0FA66E11-C055-4CAC-A56C-B2E710FEDBE4}.Debug|x64.Build.0 = Debug|x64
		{0FA66E11-C055-4CAC-A56C-B2E710FEDBE4}.Release|Win32.ActiveCfg = Release|Win32
		{0FA66E11-C055-4CAC-A56C-B2E710FEDBE4}.Release|Win32.Build.0 = Release|Win32
		{0FA66E11-C055-4CAC-A56C-B2E710FEDBE4}.Release|x64.ActiveCfg = Release|x64
		{0FA66E11-C055-4CAC-A56C-B2E710FEDBE4}.Release|x64.Build.0 = Release|x64
		{7039A654-A0C6-482A-8DA6-75FB3DF4D5DC}.Debug|Win32.ActiveCfg = Debug|Win32
		{7039A654-A0C6-482A-8DA6-75FB3DF4D5DC}.Debug|Win32.Build.0 = Debug|Win32
		{7039A654-A0C6-482A-8DA6-75FB3DF4D5DC}.Debug|x64.ActiveCfg = Debug|x64
		{7039A654-A0C6-482A-8DA6-75FB3DF4D5DC}.Debug|x64.Build.0 = Debug|x64
		{7039A654-A0C6-482A-8DA6-75FB3DF4D5DC}.Release|Win32.ActiveCfg = Release|Win32
		{7039A654-A0C6-482A-8DA6-75FB3DF4D5DC}.Release|Win32.Build.0 = Release|Win32
		{7039A654-A0C6-482A-8DA6-75FB3DF4D5DC}.Release|x64.ActiveCfg = Release|x64
		{7039A654-A0C6-482A-8DA6-75FB3DF4D5DC}.Release|x64.Build.0 = Release|x64
		{EED5B34A-BADA-481D-BBFD-F479D1F2264B}.Debug|Win32.ActiveCfg = Debug|Win32
		{EED5B34A-BADA-481D-BBFD-F479D1F2264B}.Debug|Win32.Build.0 = Debug|Win32
		{EED5B34A-BADA-481D-BBFD-F479D1F2264B}.Debug|x64.ActiveCfg = Debug|x64
		{EED5B34A-BADA-481D-BBFD-F479D1F2264B}.Debug|x64.Build.0 = Debug|x64
		{EED5B34A-BADA-481D-BBFD-F479D1F2264B}.Release|Win32.ActiveCfg = Release|Win32
		{EED5B34A-BADA-481D-BBFD-F479D1F2264B}.Release|Win32.Build.0 = Release|Win32
		{EED5B34A-BADA-481D-BBFD-F479D1F2264B}.Release|x64.ActiveCfg = Release|x64
		{EED5B34A-BADA-481D-BBFD-F479D1F2264B}.Release|x64.Build.0 = Release|x64
		{D42CA861-D64A-4DC8-9948-B3E83C300BDF}.Debug|Win32.ActiveCfg = Debug|Win32
		{D42CA861-D64A-4DC8-9948-B3E83C300BDF}.Debug|Win32.Build.0 = Debug|Win32
		{D42CA861-D64A-4DC8-9948-B3E83C300BDF}.Debug|x64.ActiveCfg = Debug|x64
		{D42CA861-D64A-4DC8-9948-B3E83C300BDF}.Debug|x64.Build.0 = Debug|x64
		{D42CA861-D64A-4DC8-9948-B3E83C300BDF}.Release|Win32.ActiveCfg = Release|Win32
		{D42CA861-D64A-4DC8-9948-B3E83C300BDF}.Release|Win32.Build.0 = Release|Win32
		{D42CA861-D64A-4DC8-9948-B3E83C300BDF}.Release|x64.ActiveCfg = Release|x64
		{D42CA861-D64A-4DC8-9948-B3E83C300BDF}.Release|x64.Build.0 = Release|x64
		{4409AFA8-1863-462E-9567-AC029029628F}.Debug|Win32.ActiveCfg = Debug|Win32
		{4409AFA8-1863-462E-9567-AC029029628F}.Debug|Win32.Build.0 = Debug|Win32
		{4409AFA8-1863-462E-9567-AC029029628F}.Debug|x64.ActiveCfg = Debug|x64
		{4409AFA8-1863-462E-9567-AC029029628F}.Debug|x64.Build.0 = Debug|x64
		{4409AFA8-1863-462E-9567-AC029029628F}.Release|Win32.ActiveCfg = Release|Win32
		{4409AFA8-1863-462E-9567-AC029029628F}.Release|Win32.Build.0 = Release|Win32
		{4409AFA8-1863-462E-9567-AC029029628F}.Release|x64.ActiveCfg = Release|x64
		{4409AFA8-1863-462E-9567-AC029029628F}.Release|x64.Build.0 = Release|x64
		{1CF81F7F-D3FA-4050-8967-E875FF950726}.Debug|Win32.ActiveCfg = Debug|Win32
		{1CF81F7F-D3FA-4050-8967-E875FF950726}.Debug|Win32.Build.0 = Debug|Win32
		{1CF81F7F-D3FA-4050-8967-E875FF950726}.Debug|x64.ActiveCfg = Debug|x64
		{1CF81F7F-D3FA-4050-8967-E875FF950726}.Debug|x64.Build.0 = Debug|x64
		{1CF81F7F-D3FA-4050-8967-E875FF950726}.Release|Win32.ActiveCfg = Release|Win32
		{1CF81F7F-D3FA-4050-8967-E875FF950726}.Release|Win32.Build.0 = Release|Win32
		{1CF81F7F-D3FA-4050-8967-E875FF950726}.Release|x64.ActiveCfg = Release|x64
		{1CF81F7F-D3FA-4050-8967-E875FF950726}.Release|x64.Build.0 = Release|x64
		{394447B3-9AD8-49FC-90B0-9F208F649936}.Debug|Win32.ActiveCfg = Debug|Win32
		{394447B3-9AD8-49FC-90B0-9F208F649936}.Debug|Win32.Build.0 = Debug|Win32
		{394447B3-9AD8-49FC-90B0-9F208F649936}.Debug|x64.ActiveCfg = Debug|x64
		{394447B3-9AD8-49FC-90B0-9F208F649936}.Debug|x64.Build.0 = Debug|x64
		{394447B3-9AD8-49FC-90B0-9F208F649936}.Release|Win32.ActiveCfg = Release|Win32
		{394447B3-9AD8-49FC-90B0-9F208F649936}.Release|Win32.Build.0 = Release|Win32
		{394447B3-9AD8-49FC-90B0-9F208F649936}.Release|x64.ActiveCfg = Release|x64
		{394447B3-9AD8-49FC-90B0-9F208F649936}.Release|x64.Build.0 = Release|x64
		{98CBCD3C-8A86-4F51-B48A-5A0C11492995}.Debug|Win32.ActiveCfg = Debug|Win32
		{98CBCD3C-8A86-4F51-B48A-5A0C11492995}.Debug|Win32.Build.0 = Debug|Win32
		{98CBCD3C-8A86-4F51-B48A-5A0C11492995}.Debug|x64.ActiveCfg = Debug|x64
		{98CBCD3C-8A86-4F51-B48A-5A0C11492995}.Debug|x64.Build.0 = Debug|x64
		{98CBCD3C-8A86-4F51-B48A-5A0C11492995}.Release|Win32.ActiveCfg = Release|Win32
		{98CBCD3C-8A86-4F51-B48A-5A0C11492995}.Release|Win32.Build.0 = Release|Win32
		{98CBCD3C-8A86-4F51-B48A-5A0C11492995}.Release|x64.ActiveCfg = Release|x64
		{98CBCD3C-8A86-4F51-B48A-5A0C11492995}.Release|x64.Build.0 = Release|x64
		{8052FC92-3A66-449E-85EC-626BD6A72782}.Debug|Win32.ActiveCfg = Debug|Win32
		{8052FC92-3A66-449E-85EC-626BD6A72782}.Debug|Win32.Build.0 = Debug|Win32
		{8052FC92-3A66-449E-85EC-626BD6A72782}.Debug|x64.ActiveCfg = Debug|x64
		{8052FC92-3A66-449E-85EC-626BD6A72782}.Debug|x64.Build.0 = Debug|x64
		{8052FC92-3A66-449E-85EC-626BD6A72782}.Release|Win32.ActiveCfg = Release|Win32
		{8052FC92-3A66-449E-85EC-626BD6A72782}.Release|Win32.Build.0 = Release|Win32
		{8052FC92-3A66-449E-85EC-626BD6A72782}.Release|x64.ActiveCfg = Release|x64
		{8052FC92-3A66-449E-85EC-626BD6A72782}.Release|x64.Build.0 = Release|x64
		{7993F1A5-F489-4A6B-B0E8-A14A92E80BD1}.Debug|Win32.ActiveCfg = Debug|Win32
		{7993F1A5-F489-4A6B-B0E8-A14A92E80BD1}.Debug|Win32.Build.0 = Debug|Win32
		{7993F1A5-F489-4A6B-B0E8-A14A92E80BD1}.Debug|x64.ActiveCfg = Debug|x64
		{7993F1A5-F489-4A6B-B0E8-A14A92E80BD1}.Debug|x64.Build.0 = Debug|x64
		{7993F1A5-F489-4A6B-B0E8-A14A92E80BD1}.Release|Win32.ActiveCfg = Release|Win32
		{7993F1A5-F489-4A6B-B0E8-A14A92E80BD1}.Release|Win32.Build.0 = Release|Win32
		{7993F1A5-F489-4A6B-B0E8-A14A92E80BD1}.Release|x64.ActiveCfg = Release|x64
		{7993F1A5-F489-4A6B-B0E8-A14A92E80BD1}.Release|x64.Build.0 = Release|x64
	EndGlobalSection
	GlobalSection(SolutionProperties) = preSolution
		HideSolutionNode = FALSE
	EndGlobalSection
EndGlobal
