<?xml version="1.0" encoding="utf-8"?>
<Project ToolsVersion="4.0" xmlns="http://schemas.microsoft.com/developer/msbuild/2003">
  <ItemGroup>
    <Filter Include="Source Files">
      <UniqueIdentifier>{FADFEEB3-0E35-42fc-B9C9-9E2511B74066}</UniqueIdentifier>
      <Extensions>cpp;c;cc;cxx;def;odl;idl;hpj;bat;asm;asmx</Extensions>
    </Filter>
    <Filter Include="Header Files">
      <UniqueIdentifier>{6F61A507-0AF4-48b8-9B51-3434F624F5B1}</UniqueIdentifier>
      <Extensions>h;hpp;hxx;hm;inl;inc;xsd</Extensions>
    </Filter>
    <Filter Include="Resource Files">
      <UniqueIdentifier>{721E964D-1CBC-42dc-92DC-4FC1E62EABDC}</UniqueIdentifier>
      <Extensions>rc;ico;cur;bmp;dlg;rc2;rct;bin;rgs;gif;jpg;jpeg;jpe;resx;tiff;tif;png;wav</Extensions>
    </Filter>
  </ItemGroup>
  <ItemGroup>
    <ClCompile Include="SpeechTest.cpp">
      <Filter>Source Files</Filter>
    </ClCompile>
    <ClCompile Include="SpeechTestDlg.cpp">
      <Filter>Source Files</Filter>
    </ClCompile>
    <ClCompile Include="..\..\Util\Mfc\StdAfx.cpp">
      <Filter>Source Files</Filter>
    </ClCompile>
  </ItemGroup>
  <ItemGroup>
    <ClInclude Include="..\..\Include\DaServerInterface.h">
      <Filter>Header Files</Filter>
    </ClInclude>
    <ClInclude Include="SpeechTest.h">
      <Filter>Header Files</Filter>
    </ClInclude>
    <ClInclude Include="SpeechTestDlg.h">
      <Filter>Header Files</Filter>
    </ClInclude>
    <ClInclude Include="..\..\Util\Mfc\StdAfx.h">
      <Filter>Header Files</Filter>
    </ClInclude>
    <ClInclude Include="SpeechTestRes.h">
      <Filter>Resource Files</Filter>
    </ClInclude>
  </ItemGroup>
  <ItemGroup>
    <ResourceCompile Include="SpeechTest.rc">
      <Filter>Resource Files</Filter>
    </ResourceCompile>
  </ItemGroup>
  <ItemGroup>
    <None Include="SpeechTest.rc2">
      <Filter>Resource Files</Filter>
    </None>
    <None Include="..\..\..\ProgramData\Double Agent\Debug.ini" />
    <None Include="..\..\..\Users\Don\Desktop\Double Agent.log" />
    <None Include="..\..\..\Users\Don\Desktop\SpeechTest.log" />
  </ItemGroup>
</Project>