<?xml version="1.0" encoding="utf-8"?>
<Project ToolsVersion="4.0" xmlns="http://schemas.microsoft.com/developer/msbuild/2003">
  <ItemGroup>
    <Filter Include="Source Files">
      <UniqueIdentifier>{34E618B9-3531-4c4e-ABB2-74E82D9E1536}</UniqueIdentifier>
      <Extensions>cpp;c;cc;cxx;def;odl;idl;hpj;bat;asm;asmx</Extensions>
    </Filter>
    <Filter Include="Header Files">
      <UniqueIdentifier>{44D723EC-C7DB-4c58-A95E-AA782116DE8C}</UniqueIdentifier>
      <Extensions>h;hpp;hxx;hm;inl;inc;xsd</Extensions>
    </Filter>
    <Filter Include="Resource Files">
      <UniqueIdentifier>{EB79E5D6-5C2E-4320-AA92-83A9A3AAF54C}</UniqueIdentifier>
      <Extensions>rc;ico;cur;bmp;dlg;rc2;rct;bin;rgs;gif;jpg;jpeg;jpe;resx;tiff;tif;png;wav</Extensions>
    </Filter>
  </ItemGroup>
  <ItemGroup>
    <ClCompile Include="AssemblyDlg.cpp">
      <Filter>Source Files</Filter>
    </ClCompile>
    <ClCompile Include="AssemblyInfo.cpp">
      <Filter>Source Files</Filter>
    </ClCompile>
    <ClCompile Include="CopyAssembly.cpp">
      <Filter>Source Files</Filter>
    </ClCompile>
    <ClCompile Include="CopyILBinary.cpp">
      <Filter>Source Files</Filter>
    </ClCompile>
    <ClCompile Include="FixupAssembly.cpp">
      <Filter>Source Files</Filter>
    </ClCompile>
    <ClCompile Include="FixupAssemblyGeneric.cpp">
      <Filter>Source Files</Filter>
    </ClCompile>
    <ClCompile Include="FixupAssemblySpecific.cpp">
      <Filter>Source Files</Filter>
    </ClCompile>
    <ClCompile Include="LogAssembly.cpp">
      <Filter>Source Files</Filter>
    </ClCompile>
    <ClCompile Include="LogILBinary.cpp">
      <Filter>Source Files</Filter>
    </ClCompile>
    <ClCompile Include="MakeILWrapper.cpp">
      <Filter>Source Files</Filter>
    </ClCompile>
    <ClCompile Include="ParseILBinary.cpp">
      <Filter>Source Files</Filter>
    </ClCompile>
    <ClCompile Include="..\..\Managed\StdAfx.cpp">
      <Filter>Source Files</Filter>
    </ClCompile>
    <ClCompile Include="TlbConverter.cpp">
      <Filter>Source Files</Filter>
    </ClCompile>
    <ClCompile Include="TlbToAsm.cpp">
      <Filter>Source Files</Filter>
    </ClCompile>
  </ItemGroup>
  <ItemGroup>
    <ClInclude Include="AssemblyDlg.h">
      <Filter>Source Files</Filter>
    </ClInclude>
    <ClInclude Include="CopyAssembly.h">
      <Filter>Header Files</Filter>
    </ClInclude>
    <ClInclude Include="CopyILBinary.h">
      <Filter>Header Files</Filter>
    </ClInclude>
    <ClInclude Include="..\..\Include\DaVersion.h">
      <Filter>Header Files</Filter>
    </ClInclude>
    <ClInclude Include="FixupAssembly.h">
      <Filter>Header Files</Filter>
    </ClInclude>
    <ClInclude Include="FixupAssemblySpecific.h">
      <Filter>Header Files</Filter>
    </ClInclude>
    <ClInclude Include="LogAssembly.h">
      <Filter>Header Files</Filter>
    </ClInclude>
    <ClInclude Include="LogILBinary.h">
      <Filter>Header Files</Filter>
    </ClInclude>
    <ClInclude Include="MakeILWrapper.h">
      <Filter>Header Files</Filter>
    </ClInclude>
    <ClInclude Include="ParseILBinary.h">
      <Filter>Header Files</Filter>
    </ClInclude>
    <ClInclude Include="..\..\Managed\StdAfx.h">
      <Filter>Header Files</Filter>
    </ClInclude>
    <ClInclude Include="TlbConverter.h">
      <Filter>Header Files</Filter>
    </ClInclude>
    <ClInclude Include="TlbToAsm.h">
      <Filter>Header Files</Filter>
    </ClInclude>
    <ClInclude Include="TlbToAsmRes.h">
      <Filter>Resource Files</Filter>
    </ClInclude>
  </ItemGroup>
  <ItemGroup>
    <ResourceCompile Include="TlbToAsm.rc">
      <Filter>Resource Files</Filter>
    </ResourceCompile>
  </ItemGroup>
  <ItemGroup>
    <None Include="..\..\..\Users\Don\Desktop\TlbToAsm.log" />
  </ItemGroup>
</Project>