<?xml version="1.0" encoding="utf-8"?>
<Project ToolsVersion="4.0" xmlns="http://schemas.microsoft.com/developer/msbuild/2003">
  <ItemGroup>
    <Filter Include="Source Files">
      <UniqueIdentifier>{9C1AE45A-BEBD-4f40-89E5-074EB4A23DB6}</UniqueIdentifier>
      <Extensions>cpp;c;cc;cxx;def;odl;idl;hpj;bat;asm;asmx</Extensions>
    </Filter>
    <Filter Include="Header Files">
      <UniqueIdentifier>{C00C1C2D-F364-435c-BCE6-DC66751A3993}</UniqueIdentifier>
      <Extensions>h;hpp;hxx;hm;inl;inc;xsd</Extensions>
    </Filter>
    <Filter Include="Resource Files">
      <UniqueIdentifier>{4305F22E-DB75-4aa5-8704-B69AEEBF12C3}</UniqueIdentifier>
      <Extensions>rc;ico;cur;bmp;dlg;rc2;rct;bin;rgs;gif;jpg;jpeg;jpe;resx;tiff;tif;png;wav</Extensions>
    </Filter>
  </ItemGroup>
  <ItemGroup>
    <ClCompile Include="SabotageTest.cpp">
      <Filter>Source Files</Filter>
    </ClCompile>
    <ClCompile Include="SabotageTestDlg.cpp">
      <Filter>Source Files</Filter>
    </ClCompile>
    <ClCompile Include="..\..\Util\Mfc\StdAfx.cpp">
      <Filter>Source Files</Filter>
    </ClCompile>
  </ItemGroup>
  <ItemGroup>
    <ClInclude Include="SabotageTest.h">
      <Filter>Header Files</Filter>
    </ClInclude>
    <ClInclude Include="SabotageTestDlg.h">
      <Filter>Header Files</Filter>
    </ClInclude>
    <ClInclude Include="..\..\Util\Mfc\StdAfx.h">
      <Filter>Header Files</Filter>
    </ClInclude>
    <ClInclude Include="SabotageTestRes.h">
      <Filter>Resource Files</Filter>
    </ClInclude>
  </ItemGroup>
  <ItemGroup>
    <ResourceCompile Include="SabotageTest.rc">
      <Filter>Resource Files</Filter>
    </ResourceCompile>
  </ItemGroup>
  <ItemGroup>
    <None Include="SabotageTest.rc2">
      <Filter>Resource Files</Filter>
    </None>
    <None Include="..\..\..\Users\Don\AppData\LocalLow\Control.log" />
    <None Include="..\..\..\ProgramData\Double Agent\Debug.ini" />
    <None Include="..\..\..\Users\Don\Desktop\Double Agent.log" />
    <None Include="..\..\..\Users\Don\Desktop\SabotageTest.log" />
  </ItemGroup>
</Project>