<?xml version="1.0" encoding="utf-8"?>
<Project ToolsVersion="4.0" xmlns="http://schemas.microsoft.com/developer/msbuild/2003">
  <ItemGroup>
    <Filter Include="Source Files">
      <UniqueIdentifier>{4FC737F1-C7A5-4376-A066-2A32D752A2FF}</UniqueIdentifier>
      <Extensions>cpp;c;cc;cxx;def;odl;idl;hpj;bat;asm;asmx</Extensions>
    </Filter>
    <Filter Include="Header Files">
      <UniqueIdentifier>{93995380-89BD-4b04-88EB-625FBE52EBFB}</UniqueIdentifier>
      <Extensions>h;hpp;hxx;hm;inl;inc;xsd</Extensions>
    </Filter>
  </ItemGroup>
  <ItemGroup>
    <ClCompile Include="Util\Color.cpp">
      <Filter>Source Files</Filter>
    </ClCompile>
    <ClCompile Include="Util\Atl\ComElevate.cpp">
      <Filter>Source Files</Filter>
    </ClCompile>
    <ClCompile Include="Util\Atl\ComMessageFilter.cpp">
      <Filter>Source Files</Filter>
    </ClCompile>
    <ClCompile Include="Util\DebugProcess.cpp">
      <Filter>Source Files</Filter>
    </ClCompile>
    <ClCompile Include="Util\DlgTemplate.cpp">
      <Filter>Source Files</Filter>
    </ClCompile>
    <ClCompile Include="Util\ErrorInfo.cpp">
      <Filter>Source Files</Filter>
    </ClCompile>
    <ClCompile Include="Util\FileVersion.cpp">
      <Filter>Source Files</Filter>
    </ClCompile>
    <ClCompile Include="Util\FileVersionEx.cpp">
      <Filter>Source Files</Filter>
    </ClCompile>
    <ClCompile Include="Util\GuidStr.cpp">
      <Filter>Source Files</Filter>
    </ClCompile>
    <ClCompile Include="Util\Atl\ImageAlpha.cpp">
      <Filter>Source Files</Filter>
    </ClCompile>
    <ClCompile Include="Util\Atl\ImageBuffer.cpp">
      <Filter>Source Files</Filter>
    </ClCompile>
    <ClCompile Include="Util\Atl\ImageDebugger.cpp">
      <Filter>Source Files</Filter>
    </ClCompile>
    <ClCompile Include="Util\Atl\ImageTools.cpp">
      <Filter>Source Files</Filter>
    </ClCompile>
    <ClCompile Include="Util\InstanceGate.cpp">
      <Filter>Source Files</Filter>
    </ClCompile>
    <ClCompile Include="Util\Atl\LayoutTools.cpp">
      <Filter>Source Files</Filter>
    </ClCompile>
    <ClCompile Include="Util\Localize.cpp">
      <Filter>Source Files</Filter>
    </ClCompile>
    <ClCompile Include="Util\LocalizeEx.cpp">
      <Filter>Source Files</Filter>
    </ClCompile>
    <ClCompile Include="Util\LocalizeMui.cpp">
      <Filter>Source Files</Filter>
    </ClCompile>
    <ClCompile Include="Util\LocalizeRes.cpp">
      <Filter>Source Files</Filter>
    </ClCompile>
    <ClCompile Include="Util\LocalizeStub.cpp">
      <Filter>Source Files</Filter>
    </ClCompile>
    <ClCompile Include="Util\Atl\PropertyPage.cpp">
      <Filter>Source Files</Filter>
    </ClCompile>
    <ClCompile Include="Util\Atl\PropertySheet.cpp">
      <Filter>Source Files</Filter>
    </ClCompile>
    <ClCompile Include="Util\Registry.cpp">
      <Filter>Source Files</Filter>
    </ClCompile>
    <ClCompile Include="Util\RegistrySearch.cpp">
      <Filter>Source Files</Filter>
    </ClCompile>
    <ClCompile Include="Util\ResName.cpp">
      <Filter>Source Files</Filter>
    </ClCompile>
    <ClCompile Include="Util\SecurityDesc.cpp">
      <Filter>Source Files</Filter>
    </ClCompile>
    <ClCompile Include="Util\Atl\StdAfx.cpp">
      <Filter>Source Files</Filter>
    </ClCompile>
    <ClCompile Include="Util\StringArrayEx.cpp">
      <Filter>Source Files</Filter>
    </ClCompile>
    <ClCompile Include="Util\TextSize.cpp">
      <Filter>Source Files</Filter>
    </ClCompile>
    <ClCompile Include="Util\TextWrap.cpp">
      <Filter>Source Files</Filter>
    </ClCompile>
    <ClCompile Include="Util\ThemedModule.cpp">
      <Filter>Source Files</Filter>
    </ClCompile>
    <ClCompile Include="Util\ThreadSecurity.cpp">
      <Filter>Source Files</Filter>
    </ClCompile>
    <ClCompile Include="Util\TimerNotify.cpp">
      <Filter>Source Files</Filter>
    </ClCompile>
    <ClCompile Include="Util\UserSecurity.cpp">
      <Filter>Source Files</Filter>
    </ClCompile>
  </ItemGroup>
  <ItemGroup>
    <ClInclude Include="Util\Atl\AtlCollEx.h">
      <Filter>Header Files</Filter>
    </ClInclude>
    <ClInclude Include="Util\Atl\AtlUtil.h">
      <Filter>Header Files</Filter>
    </ClInclude>
    <ClInclude Include="Util\Color.h">
      <Filter>Header Files</Filter>
    </ClInclude>
    <ClInclude Include="Util\Atl\ComElevate.h">
      <Filter>Header Files</Filter>
    </ClInclude>
    <ClInclude Include="Util\Atl\ComMessageFilter.h">
      <Filter>Header Files</Filter>
    </ClInclude>
    <ClInclude Include="Util\DebugProcess.h">
      <Filter>Header Files</Filter>
    </ClInclude>
    <ClInclude Include="Util\DebugStr.h">
      <Filter>Header Files</Filter>
    </ClInclude>
    <ClInclude Include="Util\DebugTime.h">
      <Filter>Header Files</Filter>
    </ClInclude>
    <ClInclude Include="Util\DlgTemplate.h">
      <Filter>Header Files</Filter>
    </ClInclude>
    <ClInclude Include="Util\Elapsed.h">
      <Filter>Header Files</Filter>
    </ClInclude>
    <ClInclude Include="Util\ErrorInfo.h">
      <Filter>Header Files</Filter>
    </ClInclude>
    <ClInclude Include="Util\ExceptionMacros.h">
      <Filter>Header Files</Filter>
    </ClInclude>
    <ClInclude Include="Util\FileVersion.h">
      <Filter>Header Files</Filter>
    </ClInclude>
    <ClInclude Include="Util\FileVersionEx.h">
      <Filter>Header Files</Filter>
    </ClInclude>
    <ClInclude Include="Util\GuidStr.h">
      <Filter>Header Files</Filter>
    </ClInclude>
    <ClInclude Include="Util\HandleTemplates.h">
      <Filter>Header Files</Filter>
    </ClInclude>
    <ClInclude Include="Util\HelperTemplates.h">
      <Filter>Header Files</Filter>
    </ClInclude>
    <ClInclude Include="Util\Atl\ImageAlpha.h">
      <Filter>Header Files</Filter>
    </ClInclude>
    <ClInclude Include="Util\Atl\ImageBuffer.h">
      <Filter>Header Files</Filter>
    </ClInclude>
    <ClInclude Include="Util\Atl\ImageDebugger.h">
      <Filter>Header Files</Filter>
    </ClInclude>
    <ClInclude Include="Util\Atl\ImageTools.h">
      <Filter>Header Files</Filter>
    </ClInclude>
    <ClInclude Include="Util\InstanceGate.h">
      <Filter>Header Files</Filter>
    </ClInclude>
    <ClInclude Include="Util\ItemIdList.h">
      <Filter>Header Files</Filter>
    </ClInclude>
    <ClInclude Include="Util\Atl\LayoutTools.h">
      <Filter>Header Files</Filter>
    </ClInclude>
    <ClInclude Include="Util\Localize.h">
      <Filter>Header Files</Filter>
    </ClInclude>
    <ClInclude Include="Util\LocalizeEx.h">
      <Filter>Header Files</Filter>
    </ClInclude>
    <ClInclude Include="Util\Log.h">
      <Filter>Header Files</Filter>
    </ClInclude>
    <ClInclude Include="Util\MallocPtr.h">
      <Filter>Header Files</Filter>
    </ClInclude>
    <ClInclude Include="Util\MapStruct.h">
      <Filter>Header Files</Filter>
    </ClInclude>
    <ClInclude Include="Util\OsVer.h">
      <Filter>Header Files</Filter>
    </ClInclude>
    <ClInclude Include="Util\Atl\PropertyPage.h">
      <Filter>Header Files</Filter>
    </ClInclude>
    <ClInclude Include="Util\Atl\PropertySheet.h">
      <Filter>Header Files</Filter>
    </ClInclude>
    <ClInclude Include="Util\Registry.h">
      <Filter>Header Files</Filter>
    </ClInclude>
    <ClInclude Include="Util\RegistrySearch.h">
      <Filter>Header Files</Filter>
    </ClInclude>
    <ClInclude Include="Util\ResName.h">
      <Filter>Header Files</Filter>
    </ClInclude>
    <ClInclude Include="Util\SecurityDesc.h">
      <Filter>Header Files</Filter>
    </ClInclude>
    <ClInclude Include="Util\Atl\StdAfx.h">
      <Filter>Header Files</Filter>
    </ClInclude>
    <ClInclude Include="Util\StringArrayEx.h">
      <Filter>Header Files</Filter>
    </ClInclude>
    <ClInclude Include="Util\StringMap.h">
      <Filter>Header Files</Filter>
    </ClInclude>
    <ClInclude Include="Util\Atl\TargetVer.h">
      <Filter>Header Files</Filter>
    </ClInclude>
    <ClInclude Include="Util\TextSize.h">
      <Filter>Header Files</Filter>
    </ClInclude>
    <ClInclude Include="Util\TextWrap.h">
      <Filter>Header Files</Filter>
    </ClInclude>
    <ClInclude Include="Util\ThemedModule.h">
      <Filter>Header Files</Filter>
    </ClInclude>
    <ClInclude Include="Util\ThreadSecurity.h">
      <Filter>Header Files</Filter>
    </ClInclude>
    <ClInclude Include="Util\TimerNotify.h">
      <Filter>Header Files</Filter>
    </ClInclude>
    <ClInclude Include="Util\UseGdiPlus.h">
      <Filter>Header Files</Filter>
    </ClInclude>
    <ClInclude Include="Util\UserSecurity.h">
      <Filter>Header Files</Filter>
    </ClInclude>
  </ItemGroup>
  <ItemGroup>
    <None Include="Util\GPLicenseHeader.txt" />
  </ItemGroup>
  <ItemGroup>
    <CustomBuildStep Include="Util\Log.inl">
      <Filter>Header Files</Filter>
    </CustomBuildStep>
    <CustomBuildStep Include="Util\LogAccess.inl">
      <Filter>Header Files</Filter>
    </CustomBuildStep>
    <CustomBuildStep Include="Util\LogCrash.inl">
      <Filter>Header Files</Filter>
    </CustomBuildStep>
  </ItemGroup>
</Project>