<?xml version="1.0" encoding="utf-8"?>
<Project ToolsVersion="4.0" xmlns="http://schemas.microsoft.com/developer/msbuild/2003">
  <ItemGroup>
    <Filter Include="Source Files">
      <UniqueIdentifier>{4FC737F1-C7A5-4376-A066-2A32D752A2FF}</UniqueIdentifier>
      <Extensions>cpp;c;cc;cxx;def;odl;idl;hpj;bat;asm;asmx</Extensions>
    </Filter>
    <Filter Include="Header Files">
      <UniqueIdentifier>{93995380-89BD-4b04-88EB-625FBE52EBFB}</UniqueIdentifier>
      <Extensions>h;hpp;hxx;hm;inl;inc;xsd</Extensions>
    </Filter>
    <Filter Include="Resource Files">
      <UniqueIdentifier>{67DA6AB6-F800-4c08-8B7A-83BB121AAD01}</UniqueIdentifier>
      <Extensions>rc;ico;cur;bmp;dlg;rc2;rct;bin;rgs;gif;jpg;jpeg;jpe;resx;tiff;tif;png;wav</Extensions>
    </Filter>
    <Filter Include="Generated Files">
      <UniqueIdentifier>{a1a648ca-1103-4aaf-9cf0-588a8a463cb9}</UniqueIdentifier>
      <SourceControlFiles>False</SourceControlFiles>
    </Filter>
  </ItemGroup>
  <ItemGroup>
    <ClCompile Include="Common\AgentAnchor.cpp">
      <Filter>Source Files</Filter>
    </ClCompile>
    <ClCompile Include="Common\AgentFileCache.cpp">
      <Filter>Source Files</Filter>
    </ClCompile>
    <ClCompile Include="Core\AgentText.cpp">
      <Filter>Source Files</Filter>
    </ClCompile>
    <ClCompile Include="Common\AgentTextObject.cpp">
      <Filter>Source Files</Filter>
    </ClCompile>
    <ClCompile Include="Common\DaCmnAnimationNames.cpp">
      <Filter>Source Files</Filter>
    </ClCompile>
    <ClCompile Include="Common\DaCmnBalloon.cpp">
      <Filter>Source Files</Filter>
    </ClCompile>
    <ClCompile Include="Common\DaCmnCharacter.cpp">
      <Filter>Source Files</Filter>
    </ClCompile>
    <ClCompile Include="Common\DaCmnCharacterFiles.cpp">
      <Filter>Source Files</Filter>
    </ClCompile>
    <ClCompile Include="Common\DaCmnCommand.cpp">
      <Filter>Source Files</Filter>
    </ClCompile>
    <ClCompile Include="Common\DaCmnCommands.cpp">
      <Filter>Source Files</Filter>
    </ClCompile>
    <ClCompile Include="Common\DaCmnCommandsWindow.cpp">
      <Filter>Source Files</Filter>
    </ClCompile>
    <ClCompile Include="Common\DaCmnFormattedText.cpp">
      <Filter>Source Files</Filter>
    </ClCompile>
    <ClCompile Include="Common\DaCmnPropertySheet.cpp">
      <Filter>Source Files</Filter>
    </ClCompile>
    <ClCompile Include="Common\DaCmnSettings.cpp">
      <Filter>Source Files</Filter>
    </ClCompile>
    <ClCompile Include="Common\DaCmnSREngine.cpp">
      <Filter>Source Files</Filter>
    </ClCompile>
    <ClCompile Include="Common\DaCmnSREngines.cpp">
      <Filter>Source Files</Filter>
    </ClCompile>
    <ClCompile Include="Common\DaCmnTTSEngine.cpp">
      <Filter>Source Files</Filter>
    </ClCompile>
    <ClCompile Include="Common\DaCmnTTSEngines.cpp">
      <Filter>Source Files</Filter>
    </ClCompile>
    <ClCompile Include="Common\DaCmnUserInput.cpp">
      <Filter>Source Files</Filter>
    </ClCompile>
    <ClCompile Include="Control\DaControl.cpp">
      <Filter>Source Files</Filter>
    </ClCompile>
    <ClCompile Include="Control\DaControlMod.cpp">
      <Filter>Source Files</Filter>
    </ClCompile>
    <ClCompile Include="Control\DaCtlAnimationNames.cpp">
      <Filter>Source Files</Filter>
    </ClCompile>
    <ClCompile Include="Control\DaCtlAudioOutput.cpp">
      <Filter>Source Files</Filter>
    </ClCompile>
    <ClCompile Include="Control\DaCtlBalloon.cpp">
      <Filter>Source Files</Filter>
    </ClCompile>
    <ClCompile Include="Control\DaCtlCharacter.cpp">
      <Filter>Source Files</Filter>
    </ClCompile>
    <ClCompile Include="Control\DaCtlCharacterFiles.cpp">
      <Filter>Source Files</Filter>
    </ClCompile>
    <ClCompile Include="Control\DaCtlCharacters.cpp">
      <Filter>Source Files</Filter>
    </ClCompile>
    <ClCompile Include="Control\DaCtlCommand.cpp">
      <Filter>Source Files</Filter>
    </ClCompile>
    <ClCompile Include="Control\DaCtlCommands.cpp">
      <Filter>Source Files</Filter>
    </ClCompile>
    <ClCompile Include="Control\DaCtlCommandsWindow.cpp">
      <Filter>Source Files</Filter>
    </ClCompile>
    <ClCompile Include="Control\DaCtlEvents.cpp">
      <Filter>Source Files</Filter>
    </ClCompile>
    <ClCompile Include="Control\DaCtlFormattedText.cpp">
      <Filter>Source Files</Filter>
    </ClCompile>
    <ClCompile Include="Control\DaCtlPropertySheet.cpp">
      <Filter>Source Files</Filter>
    </ClCompile>
    <ClCompile Include="Control\DaCtlRequest.cpp">
      <Filter>Source Files</Filter>
    </ClCompile>
    <ClCompile Include="Control\DaCtlSettings.cpp">
      <Filter>Source Files</Filter>
    </ClCompile>
    <ClCompile Include="Control\DaCtlSpeechInput.cpp">
      <Filter>Source Files</Filter>
    </ClCompile>
    <ClCompile Include="Control\DaCtlSREngine.cpp">
      <Filter>Source Files</Filter>
    </ClCompile>
    <ClCompile Include="Control\DaCtlSREngines.cpp">
      <Filter>Source Files</Filter>
    </ClCompile>
    <ClCompile Include="Control\DaCtlTTSEngine.cpp">
      <Filter>Source Files</Filter>
    </ClCompile>
    <ClCompile Include="Control\DaCtlTTSEngines.cpp">
      <Filter>Source Files</Filter>
    </ClCompile>
    <ClCompile Include="Control\DaCtlUserInput.cpp">
      <Filter>Source Files</Filter>
    </ClCompile>
    <ClCompile Include="Core\DaError.cpp">
      <Filter>Source Files</Filter>
    </ClCompile>
    <ClCompile Include="Common\EventNotify.cpp">
      <Filter>Source Files</Filter>
    </ClCompile>
    <ClCompile Include="Common\ListeningState.cpp">
      <Filter>Source Files</Filter>
    </ClCompile>
    <ClCompile Include="Control\LocalCharacter.cpp">
      <Filter>Source Files</Filter>
    </ClCompile>
    <ClCompile Include="Common\PropSheetOptions.cpp">
      <Filter>Source Files</Filter>
    </ClCompile>
    <ClCompile Include="Util\Atl\StdAfx.cpp">
      <Filter>Source Files</Filter>
    </ClCompile>
    <ClCompile Include="Include\DaControl_i.c">
      <Filter>Generated Files</Filter>
    </ClCompile>
    <ClCompile Include="Core\AgentTextParse.cpp">
      <Filter>Source Files</Filter>
    </ClCompile>
    <ClCompile Include="Util\ThemedModule.cpp">
      <Filter>Source Files</Filter>
    </ClCompile>
  </ItemGroup>
  <ItemGroup>
    <Midl Include="Common\DaCommon.odl">
      <Filter>Source Files</Filter>
    </Midl>
    <Midl Include="Control\DaControl.odl">
      <Filter>Source Files</Filter>
    </Midl>
  </ItemGroup>
  <ItemGroup>
    <None Include="Control\DaControl.def">
      <Filter>Source Files</Filter>
    </None>
    <None Include="Control\DaCtlEvents1.odl.inl">
      <Filter>Source Files</Filter>
    </None>
    <None Include="Control\DaCtlEvents2.odl.inl">
      <Filter>Source Files</Filter>
    </None>
    <None Include="Resources\DaAgentCtl.bmp">
      <Filter>Resource Files</Filter>
    </None>
    <None Include="Resources\DaControl.rc2">
      <Filter>Resource Files</Filter>
    </None>
    <None Include="Control\DaControl.rgs">
      <Filter>Resource Files</Filter>
    </None>
    <None Include="Control\DaControlMod.rgs">
      <Filter>Resource Files</Filter>
    </None>
    <None Include="Control\DaCtlAnimationNames.rgs">
      <Filter>Resource Files</Filter>
    </None>
    <None Include="Control\DaCtlAudioOutput.rgs">
      <Filter>Resource Files</Filter>
    </None>
    <None Include="Control\DaCtlBalloon.rgs">
      <Filter>Resource Files</Filter>
    </None>
    <None Include="Control\DaCtlCharacter.rgs">
      <Filter>Resource Files</Filter>
    </None>
    <None Include="Control\DaCtlCharacterFiles.rgs">
      <Filter>Resource Files</Filter>
    </None>
    <None Include="Control\DaCtlCharacters.rgs">
      <Filter>Resource Files</Filter>
    </None>
    <None Include="Control\DaCtlCommand.rgs">
      <Filter>Resource Files</Filter>
    </None>
    <None Include="Control\DaCtlCommands.rgs">
      <Filter>Resource Files</Filter>
    </None>
    <None Include="Control\DaCtlCommandsWindow.rgs">
      <Filter>Resource Files</Filter>
    </None>
    <None Include="Control\DaCtlPropertySheet.rgs">
      <Filter>Resource Files</Filter>
    </None>
    <None Include="Control\DaCtlRequest.rgs">
      <Filter>Resource Files</Filter>
    </None>
    <None Include="Control\DaCtlSettings.rgs">
      <Filter>Resource Files</Filter>
    </None>
    <None Include="Control\DaCtlSpeechInput.rgs">
      <Filter>Resource Files</Filter>
    </None>
    <None Include="Control\DaCtlSREngine.rgs">
      <Filter>Resource Files</Filter>
    </None>
    <None Include="Control\DaCtlSREngines.rgs">
      <Filter>Resource Files</Filter>
    </None>
    <None Include="Control\DaCtlTTSEngine.rgs">
      <Filter>Resource Files</Filter>
    </None>
    <None Include="Control\DaCtlTTSEngines.rgs">
      <Filter>Resource Files</Filter>
    </None>
    <None Include="Control\DaCtlUserInput.rgs">
      <Filter>Resource Files</Filter>
    </None>
    <None Include="Resources\DaError.rc2">
      <Filter>Resource Files</Filter>
    </None>
    <None Include="Resources\DoubleAgent.ico">
      <Filter>Resource Files</Filter>
    </None>
    <None Include="Control\GPLicenseHeader.txt" />
    <None Include="Control\DaControlRgs.rc2">
      <Filter>Resource Files</Filter>
    </None>
  </ItemGroup>
  <ItemGroup>
    <ClInclude Include="Common\AgentAnchor.h">
      <Filter>Header Files</Filter>
    </ClInclude>
    <ClInclude Include="Common\AgentFileCache.h">
      <Filter>Header Files</Filter>
    </ClInclude>
    <ClInclude Include="Common\CorEnumVariant.h">
      <Filter>Header Files</Filter>
    </ClInclude>
    <ClInclude Include="ApiHelp\DaApiHelp.h">
      <Filter>Header Files</Filter>
    </ClInclude>
    <ClInclude Include="Common\DaCmnAnimationNames.h">
      <Filter>Header Files</Filter>
    </ClInclude>
    <ClInclude Include="Common\DaCmnBalloon.h">
      <Filter>Header Files</Filter>
    </ClInclude>
    <ClInclude Include="Common\DaCmnCharacter.h">
      <Filter>Header Files</Filter>
    </ClInclude>
    <ClInclude Include="Common\DaCmnCharacterFiles.h">
      <Filter>Header Files</Filter>
    </ClInclude>
    <ClInclude Include="Common\DaCmnCommand.h">
      <Filter>Header Files</Filter>
    </ClInclude>
    <ClInclude Include="Common\DaCmnCommands.h">
      <Filter>Header Files</Filter>
    </ClInclude>
    <ClInclude Include="Common\DaCmnCommandsWindow.h">
      <Filter>Header Files</Filter>
    </ClInclude>
    <ClInclude Include="Common\DaCmnFormattedText.h">
      <Filter>Header Files</Filter>
    </ClInclude>
    <ClInclude Include="Common\DaCmnPropertySheet.h">
      <Filter>Header Files</Filter>
    </ClInclude>
    <ClInclude Include="Common\DaCmnSettings.h">
      <Filter>Header Files</Filter>
    </ClInclude>
    <ClInclude Include="Common\DaCmnSREngine.h">
      <Filter>Header Files</Filter>
    </ClInclude>
    <ClInclude Include="Common\DaCmnSREngines.h">
      <Filter>Header Files</Filter>
    </ClInclude>
    <ClInclude Include="Common\DaCmnTTSEngine.h">
      <Filter>Header Files</Filter>
    </ClInclude>
    <ClInclude Include="Common\DaCmnTTSEngines.h">
      <Filter>Header Files</Filter>
    </ClInclude>
    <ClInclude Include="Common\DaCmnUserInput.h">
      <Filter>Header Files</Filter>
    </ClInclude>
    <ClInclude Include="Control\DaControl.h">
      <Filter>Header Files</Filter>
    </ClInclude>
    <ClInclude Include="Include\DaControlInterface.h">
      <Filter>Header Files</Filter>
    </ClInclude>
    <ClInclude Include="Control\DaControlMod.h">
      <Filter>Header Files</Filter>
    </ClInclude>
    <ClInclude Include="Control\DaCtlAnimationNames.h">
      <Filter>Header Files</Filter>
    </ClInclude>
    <ClInclude Include="Control\DaCtlAudioOutput.h">
      <Filter>Header Files</Filter>
    </ClInclude>
    <ClInclude Include="Control\DaCtlBalloon.h">
      <Filter>Header Files</Filter>
    </ClInclude>
    <ClInclude Include="Control\DaCtlCharacter.h">
      <Filter>Header Files</Filter>
    </ClInclude>
    <ClInclude Include="Control\DaCtlCharacterFiles.h">
      <Filter>Header Files</Filter>
    </ClInclude>
    <ClInclude Include="Control\DaCtlCharacters.h">
      <Filter>Header Files</Filter>
    </ClInclude>
    <ClInclude Include="Control\DaCtlCommand.h">
      <Filter>Header Files</Filter>
    </ClInclude>
    <ClInclude Include="Control\DaCtlCommands.h">
      <Filter>Header Files</Filter>
    </ClInclude>
    <ClInclude Include="Control\DaCtlCommandsWindow.h">
      <Filter>Header Files</Filter>
    </ClInclude>
    <ClInclude Include="Control\DaCtlEvents.h">
      <Filter>Header Files</Filter>
    </ClInclude>
    <ClInclude Include="Control\DaCtlFormattedText.h">
      <Filter>Header Files</Filter>
    </ClInclude>
    <ClInclude Include="Control\DaCtlPropertySheet.h">
      <Filter>Header Files</Filter>
    </ClInclude>
    <ClInclude Include="Control\DaCtlRequest.h">
      <Filter>Header Files</Filter>
    </ClInclude>
    <ClInclude Include="Control\DaCtlSettings.h">
      <Filter>Header Files</Filter>
    </ClInclude>
    <ClInclude Include="Control\DaCtlSpeechInput.h">
      <Filter>Header Files</Filter>
    </ClInclude>
    <ClInclude Include="Control\DaCtlSREngine.h">
      <Filter>Header Files</Filter>
    </ClInclude>
    <ClInclude Include="Control\DaCtlSREngines.h">
      <Filter>Header Files</Filter>
    </ClInclude>
    <ClInclude Include="Control\DaCtlTTSEngine.h">
      <Filter>Header Files</Filter>
    </ClInclude>
    <ClInclude Include="Control\DaCtlTTSEngines.h">
      <Filter>Header Files</Filter>
    </ClInclude>
    <ClInclude Include="Control\DaCtlUserInput.h">
      <Filter>Header Files</Filter>
    </ClInclude>
    <ClInclude Include="Include\DaGuid.h">
      <Filter>Header Files</Filter>
    </ClInclude>
    <ClInclude Include="Include\DaVersion.h">
      <Filter>Header Files</Filter>
    </ClInclude>
    <ClInclude Include="Common\EventNotify.h">
      <Filter>Header Files</Filter>
    </ClInclude>
    <ClInclude Include="Common\ListeningState.h">
      <Filter>Header Files</Filter>
    </ClInclude>
    <ClInclude Include="Control\LocalCharacter.h">
      <Filter>Header Files</Filter>
    </ClInclude>
    <ClInclude Include="Util\Atl\StdAfx.h">
      <Filter>Header Files</Filter>
    </ClInclude>
    <ClInclude Include="Util\Atl\TargetVer.h">
      <Filter>Header Files</Filter>
    </ClInclude>
    <ClInclude Include="Control\DaControlRes.h">
      <Filter>Resource Files</Filter>
    </ClInclude>
    <ClInclude Include="Core\DaErrorRes.h">
      <Filter>Resource Files</Filter>
    </ClInclude>
    <ClInclude Include="Include\DaControlOdl.h">
      <Filter>Generated Files</Filter>
    </ClInclude>
  </ItemGroup>
  <ItemGroup>
    <ResourceCompile Include="Control\DaControl.rc">
      <Filter>Resource Files</Filter>
    </ResourceCompile>
  </ItemGroup>
</Project>