
Microsoft Visual Studio Solution File, Format Version 11.00
# Visual C++ Express 2010
Project("{8BC9CEB8-8B4A-11D0-8D11-00A0C91BC942}") = "Server", "DaServer.vcxproj", "{0FA66E11-C055-4CAC-A56C-B2E710FEDBE4}"
EndProject
Project("{8BC9CEB8-8B4A-11D0-8D11-00A0C91BC942}") = "Control", "DaControl.vcxproj", "{394447B3-9AD8-49FC-90B0-9F208F649936}"
EndProject
Project("{8BC9CEB8-8B4A-11D0-8D11-00A0C91BC942}") = "Shell", "DaShell.vcxproj", "{7039A654-A0C6-482A-8DA6-75FB3DF4D5DC}"
EndProject
Project("{8BC9CEB8-8B4A-11D0-8D11-00A0C91BC942}") = "Core", "DaCore.vcxproj", "{EED5B34A-BADA-481D-BBFD-F479D1F2264B}"
EndProject
Project("{8BC9CEB8-8B4A-11D0-8D11-00A0C91BC942}") = "Handler", "DaHandler.vcxproj", "{4409AFA8-1863-462E-9567-AC029029628F}"
EndProject
Project("{8BC9CEB8-8B4A-11D0-8D11-00A0C91BC942}") = "Util", "DaUtil.vcxproj", "{D42CA861-D64A-4DC8-9948-B3E83C300BDF}"
EndProject
Project("{8BC9CEB8-8B4A-11D0-8D11-00A0C91BC942}") = "ControlOCX", "DaControlOCX.vcxproj", "{7442E3F4-622C-4987-A804-FBAEFEEA89AA}"
EndProject
Global
	GlobalSection(SolutionConfigurationPlatforms) = preSolution
		Debug|Win32 = Debug|Win32
		Debug|x64 = Debug|x64
		Release|Win32 = Release|Win32
		Release|x64 = Release|x64
	EndGlobalSection
	GlobalSection(ProjectConfigurationPlatforms) = postSolution
		{0FA66E11-C055-4CAC-A56C-B2E710FEDBE4}.Debug|Win32.ActiveCfg = Debug|Win32
		{0FA66E11-C055-4CAC-A56C-B2E710FEDBE4}.Debug|Win32.Build.0 = Debug|Win32
		{0FA66E11-C055-4CAC-A56C-B2E710FEDBE4}.Debug|x64.ActiveCfg = Debug|x64
		{0FA66E11-C055-4CAC-A56C-B2E710FEDBE4}.Debug|x64.Build.0 = Debug|x64
		{0FA66E11-C055-4CAC-A56C-B2E710FEDBE4}.Release|Win32.ActiveCfg = Release|Win32
		{0FA66E11-C055-4CAC-A56C-B2E710FEDBE4}.Release|Win32.Build.0 = Release|Win32
		{0FA66E11-C055-4CAC-A56C-B2E710FEDBE4}.Release|x64.ActiveCfg = Release|x64
		{0FA66E11-C055-4CAC-A56C-B2E710FEDBE4}.Release|x64.Build.0 = Release|x64
		{394447B3-9AD8-49FC-90B0-9F208F649936}.Debug|Win32.ActiveCfg = Debug|Win32
		{394447B3-9AD8-49FC-90B0-9F208F649936}.Debug|Win32.Build.0 = Debug|Win32
		{394447B3-9AD8-49FC-90B0-9F208F649936}.Debug|x64.ActiveCfg = Debug|x64
		{394447B3-9AD8-49FC-90B0-9F208F649936}.Debug|x64.Build.0 = Debug|x64
		{394447B3-9AD8-49FC-90B0-9F208F649936}.Release|Win32.ActiveCfg = Release|Win32
		{394447B3-9AD8-49FC-90B0-9F208F649936}.Release|Win32.Build.0 = Release|Win32
		{394447B3-9AD8-49FC-90B0-9F208F649936}.Release|x64.ActiveCfg = Release|x64
		{394447B3-9AD8-49FC-90B0-9F208F649936}.Release|x64.Build.0 = Release|x64
		{7039A654-A0C6-482A-8DA6-75FB3DF4D5DC}.Debug|Win32.ActiveCfg = Debug|Win32
		{7039A654-A0C6-482A-8DA6-75FB3DF4D5DC}.Debug|Win32.Build.0 = Debug|Win32
		{7039A654-A0C6-482A-8DA6-75FB3DF4D5DC}.Debug|x64.ActiveCfg = Debug|x64
		{7039A654-A0C6-482A-8DA6-75FB3DF4D5DC}.Debug|x64.Build.0 = Debug|x64
		{7039A654-A0C6-482A-8DA6-75FB3DF4D5DC}.Release|Win32.ActiveCfg = Release|Win32
		{7039A654-A0C6-482A-8DA6-75FB3DF4D5DC}.Release|Win32.Build.0 = Release|Win32
		{7039A654-A0C6-482A-8DA6-75FB3DF4D5DC}.Release|x64.ActiveCfg = Release|x64
		{7039A654-A0C6-482A-8DA6-75FB3DF4D5DC}.Release|x64.Build.0 = Release|x64
		{EED5B34A-BADA-481D-BBFD-F479D1F2264B}.Debug|Win32.ActiveCfg = Debug|Win32
		{EED5B34A-BADA-481D-BBFD-F479D1F2264B}.Debug|Win32.Build.0 = Debug|Win32
		{EED5B34A-BADA-481D-BBFD-F479D1F2264B}.Debug|x64.ActiveCfg = Debug|x64
		{EED5B34A-BADA-481D-BBFD-F479D1F2264B}.Debug|x64.Build.0 = Debug|x64
		{EED5B34A-BADA-481D-BBFD-F479D1F2264B}.Release|Win32.ActiveCfg = Release|Win32
		{EED5B34A-BADA-481D-BBFD-F479D1F2264B}.Release|Win32.Build.0 = Release|Win32
		{EED5B34A-BADA-481D-BBFD-F479D1F2264B}.Release|x64.ActiveCfg = Release|x64
		{EED5B34A-BADA-481D-BBFD-F479D1F2264B}.Release|x64.Build.0 = Release|x64
		{4409AFA8-1863-462E-9567-AC029029628F}.Debug|Win32.ActiveCfg = Debug|Win32
		{4409AFA8-1863-462E-9567-AC029029628F}.Debug|Win32.Build.0 = Debug|Win32
		{4409AFA8-1863-462E-9567-AC029029628F}.Debug|x64.ActiveCfg = Debug|x64
		{4409AFA8-1863-462E-9567-AC029029628F}.Debug|x64.Build.0 = Debug|x64
		{4409AFA8-1863-462E-9567-AC029029628F}.Release|Win32.ActiveCfg = Release|Win32
		{4409AFA8-1863-462E-9567-AC029029628F}.Release|Win32.Build.0 = Release|Win32
		{4409AFA8-1863-462E-9567-AC029029628F}.Release|x64.ActiveCfg = Release|x64
		{4409AFA8-1863-462E-9567-AC029029628F}.Release|x64.Build.0 = Release|x64
		{D42CA861-D64A-4DC8-9948-B3E83C300BDF}.Debug|Win32.ActiveCfg = Debug|Win32
		{D42CA861-D64A-4DC8-9948-B3E83C300BDF}.Debug|Win32.Build.0 = Debug|Win32
		{D42CA861-D64A-4DC8-9948-B3E83C300BDF}.Debug|x64.ActiveCfg = Debug|x64
		{D42CA861-D64A-4DC8-9948-B3E83C300BDF}.Debug|x64.Build.0 = Debug|x64
		{D42CA861-D64A-4DC8-9948-B3E83C300BDF}.Release|Win32.ActiveCfg = Release|Win32
		{D42CA861-D64A-4DC8-9948-B3E83C300BDF}.Release|Win32.Build.0 = Release|Win32
		{D42CA861-D64A-4DC8-9948-B3E83C300BDF}.Release|x64.ActiveCfg = Release|x64
		{D42CA861-D64A-4DC8-9948-B3E83C300BDF}.Release|x64.Build.0 = Release|x64
		{7442E3F4-622C-4987-A804-FBAEFEEA89AA}.Debug|Win32.ActiveCfg = Debug|Win32
		{7442E3F4-622C-4987-A804-FBAEFEEA89AA}.Debug|Win32.Build.0 = Debug|Win32
		{7442E3F4-622C-4987-A804-FBAEFEEA89AA}.Debug|x64.ActiveCfg = Debug|x64
		{7442E3F4-622C-4987-A804-FBAEFEEA89AA}.Debug|x64.Build.0 = Debug|x64
		{7442E3F4-622C-4987-A804-FBAEFEEA89AA}.Release|Win32.ActiveCfg = Release|Win32
		{7442E3F4-622C-4987-A804-FBAEFEEA89AA}.Release|Win32.Build.0 = Release|Win32
		{7442E3F4-622C-4987-A804-FBAEFEEA89AA}.Release|x64.ActiveCfg = Release|x64
		{7442E3F4-622C-4987-A804-FBAEFEEA89AA}.Release|x64.Build.0 = Release|x64
	EndGlobalSection
	GlobalSection(SolutionProperties) = preSolution
		HideSolutionNode = FALSE
	EndGlobalSection
EndGlobal
